// !$*UTF8*$!
{
	archiveVersion = 1;
	classes = {
	};
	objectVersion = 56;
	objects = {

/* Begin PBXBuildFile section */
		3C0C89DC28C1B9A900FEE351 /* Galpon-Black.otf in Resources */ = {isa = PBXBuildFile; fileRef = 3C0C89D928C1B94300FEE351 /* Galpon-Black.otf */; };
		3C0C8A2F28C1C10D00FEE351 /* Angry Goblin Emote.m4a in Resources */ = {isa = PBXBuildFile; fileRef = 3C0C89DD28C1C10A00FEE351 /* Angry Goblin Emote.m4a */; };
		3C0C8A3028C1C10D00FEE351 /* Knight Phew Exclusive Emote.m4a in Resources */ = {isa = PBXBuildFile; fileRef = 3C0C89DE28C1C10A00FEE351 /* Knight Phew Exclusive Emote.m4a */; };
		3C0C8A3128C1C10D00FEE351 /* Magic Archer Emote.m4a in Resources */ = {isa = PBXBuildFile; fileRef = 3C0C89DF28C1C10A00FEE351 /* Magic Archer Emote.m4a */; };
		3C0C8A3228C1C10D00FEE351 /* Electro Wizard thumbs Up Emote.m4a in Resources */ = {isa = PBXBuildFile; fileRef = 3C0C89E028C1C10A00FEE351 /* Electro Wizard thumbs Up Emote.m4a */; };
		3C0C8A3328C1C10D00FEE351 /* Valkyrie Emote.m4a in Resources */ = {isa = PBXBuildFile; fileRef = 3C0C89E128C1C10A00FEE351 /* Valkyrie Emote.m4a */; };
		3C0C8A3428C1C10D00FEE351 /* Skeleton Putting Head Back Emote.m4a in Resources */ = {isa = PBXBuildFile; fileRef = 3C0C89E228C1C10B00FEE351 /* Skeleton Putting Head Back Emote.m4a */; };
		3C0C8A3528C1C10D00FEE351 /* Wizard Flame Emote.m4a in Resources */ = {isa = PBXBuildFile; fileRef = 3C0C89E328C1C10B00FEE351 /* Wizard Flame Emote.m4a */; };
		3C0C8A3628C1C10D00FEE351 /* Goblin thumbs Up Emote.m4a in Resources */ = {isa = PBXBuildFile; fileRef = 3C0C89E428C1C10B00FEE351 /* Goblin thumbs Up Emote.m4a */; };
		3C0C8A3728C1C10D00FEE351 /* Goblin Tongue Emote.m4a in Resources */ = {isa = PBXBuildFile; fileRef = 3C0C89E528C1C10B00FEE351 /* Goblin Tongue Emote.m4a */; };
		3C0C8A3828C1C10D00FEE351 /* Ice Spirit Emote.m4a in Resources */ = {isa = PBXBuildFile; fileRef = 3C0C89E628C1C10B00FEE351 /* Ice Spirit Emote.m4a */; };
		3C0C8A3928C1C10D00FEE351 /* Goblin Knife Emote.m4a in Resources */ = {isa = PBXBuildFile; fileRef = 3C0C89E728C1C10B00FEE351 /* Goblin Knife Emote.m4a */; };
		3C0C8A3A28C1C10D00FEE351 /* Burning Goblin Emote.m4a in Resources */ = {isa = PBXBuildFile; fileRef = 3C0C89E828C1C10B00FEE351 /* Burning Goblin Emote.m4a */; };
		3C0C8A3B28C1C10D00FEE351 /* Giant Eating Meat Emote.m4a in Resources */ = {isa = PBXBuildFile; fileRef = 3C0C89E928C1C10B00FEE351 /* Giant Eating Meat Emote.m4a */; };
		3C0C8A3C28C1C10D00FEE351 /* Barbarian Poking Nose Emote.m4a in Resources */ = {isa = PBXBuildFile; fileRef = 3C0C89EA28C1C10B00FEE351 /* Barbarian Poking Nose Emote.m4a */; };
		3C0C8A3D28C1C10D00FEE351 /* Crying King Emote.m4a in Resources */ = {isa = PBXBuildFile; fileRef = 3C0C89EB28C1C10B00FEE351 /* Crying King Emote.m4a */; };
		3C0C8A3E28C1C10D00FEE351 /* Baby Dragon Laughing Emote.m4a in Resources */ = {isa = PBXBuildFile; fileRef = 3C0C89EC28C1C10B00FEE351 /* Baby Dragon Laughing Emote.m4a */; };
		3C0C8A3F28C1C10D00FEE351 /* Ice Wizard Christmas Emote.m4a in Resources */ = {isa = PBXBuildFile; fileRef = 3C0C89ED28C1C10B00FEE351 /* Ice Wizard Christmas Emote.m4a */; };
		3C0C8A4028C1C10D00FEE351 /* Angry Barbarian Emote.m4a in Resources */ = {isa = PBXBuildFile; fileRef = 3C0C89EE28C1C10B00FEE351 /* Angry Barbarian Emote.m4a */; };
		3C0C8A4128C1C10D00FEE351 /* E Wizard Getting Current Emote.m4a in Resources */ = {isa = PBXBuildFile; fileRef = 3C0C89EF28C1C10B00FEE351 /* E Wizard Getting Current Emote.m4a */; };
		3C0C8A4228C1C10D00FEE351 /* Goblin Victory Emote.m4a in Resources */ = {isa = PBXBuildFile; fileRef = 3C0C89F028C1C10B00FEE351 /* Goblin Victory Emote.m4a */; };
		3C0C8A4328C1C10D00FEE351 /* Princess Kissing Emote.m4a in Resources */ = {isa = PBXBuildFile; fileRef = 3C0C89F128C1C10B00FEE351 /* Princess Kissing Emote.m4a */; };
		3C0C8A4428C1C10D00FEE351 /* Skeleton Heart Emote.m4a in Resources */ = {isa = PBXBuildFile; fileRef = 3C0C89F228C1C10B00FEE351 /* Skeleton Heart Emote.m4a */; };
		3C0C8A4528C1C10D00FEE351 /* Goblin Finger Emote.m4a in Resources */ = {isa = PBXBuildFile; fileRef = 3C0C89F328C1C10B00FEE351 /* Goblin Finger Emote.m4a */; };
		3C0C8A4628C1C10D00FEE351 /* Bandit Dash Emote.m4a in Resources */ = {isa = PBXBuildFile; fileRef = 3C0C89F428C1C10B00FEE351 /* Bandit Dash Emote.m4a */; };
		3C0C8A4728C1C10D00FEE351 /* Ram Rider Goat Emote.m4a in Resources */ = {isa = PBXBuildFile; fileRef = 3C0C89F528C1C10B00FEE351 /* Ram Rider Goat Emote.m4a */; };
		3C0C8A4828C1C10D00FEE351 /* Giant thumbs Up Emote.m4a in Resources */ = {isa = PBXBuildFile; fileRef = 3C0C89F628C1C10B00FEE351 /* Giant thumbs Up Emote.m4a */; };
		3C0C8A4928C1C10D00FEE351 /* Yawning Princess Emote.m4a in Resources */ = {isa = PBXBuildFile; fileRef = 3C0C89F728C1C10B00FEE351 /* Yawning Princess Emote.m4a */; };
		3C0C8A4A28C1C10D00FEE351 /* Knight Emote.m4a in Resources */ = {isa = PBXBuildFile; fileRef = 3C0C89F828C1C10B00FEE351 /* Knight Emote.m4a */; };
		3C0C8A4B28C1C10D00FEE351 /* Goblin Mean Laugh Emote.m4a in Resources */ = {isa = PBXBuildFile; fileRef = 3C0C89F928C1C10B00FEE351 /* Goblin Mean Laugh Emote.m4a */; };
		3C0C8A4C28C1C10D00FEE351 /* Skeleton Bulb Emote.m4a in Resources */ = {isa = PBXBuildFile; fileRef = 3C0C89FA28C1C10B00FEE351 /* Skeleton Bulb Emote.m4a */; };
		3C0C8A4D28C1C10D00FEE351 /* King with Sign Exclusive Emote.m4a in Resources */ = {isa = PBXBuildFile; fileRef = 3C0C89FB28C1C10B00FEE351 /* King with Sign Exclusive Emote.m4a */; };
		3C0C8A4E28C1C10D00FEE351 /* Princess Whistling Emote.m4a in Resources */ = {isa = PBXBuildFile; fileRef = 3C0C89FC28C1C10B00FEE351 /* Princess Whistling Emote.m4a */; };
		3C0C8A4F28C1C10D00FEE351 /* Hog Rider Hammer Emote.m4a in Resources */ = {isa = PBXBuildFile; fileRef = 3C0C89FD28C1C10B00FEE351 /* Hog Rider Hammer Emote.m4a */; };
		3C0C8A5028C1C10D00FEE351 /* Wizard IDK Emote.m4a in Resources */ = {isa = PBXBuildFile; fileRef = 3C0C89FE28C1C10B00FEE351 /* Wizard IDK Emote.m4a */; };
		3C0C8A5128C1C10D00FEE351 /* Goblin White Flag Emote.m4a in Resources */ = {isa = PBXBuildFile; fileRef = 3C0C89FF28C1C10B00FEE351 /* Goblin White Flag Emote.m4a */; };
		3C0C8A5228C1C10D00FEE351 /* Angry King Emote.m4a in Resources */ = {isa = PBXBuildFile; fileRef = 3C0C8A0028C1C10B00FEE351 /* Angry King Emote.m4a */; };
		3C0C8A5328C1C10D00FEE351 /* Laughing Barbarian Emote.m4a in Resources */ = {isa = PBXBuildFile; fileRef = 3C0C8A0128C1C10B00FEE351 /* Laughing Barbarian Emote.m4a */; };
		3C0C8A5428C1C10D00FEE351 /* Goblin Not Caring Emote.m4a in Resources */ = {isa = PBXBuildFile; fileRef = 3C0C8A0228C1C10B00FEE351 /* Goblin Not Caring Emote.m4a */; };
		3C0C8A5528C1C10D00FEE351 /* Hog Rider thinking Emote.m4a in Resources */ = {isa = PBXBuildFile; fileRef = 3C0C8A0328C1C10B00FEE351 /* Hog Rider thinking Emote.m4a */; };
		3C0C8A5628C1C10D00FEE351 /* Laughing Goblin Emote.m4a in Resources */ = {isa = PBXBuildFile; fileRef = 3C0C8A0428C1C10C00FEE351 /* Laughing Goblin Emote.m4a */; };
		3C0C8A5728C1C10D00FEE351 /* Laughing King Emote.m4a in Resources */ = {isa = PBXBuildFile; fileRef = 3C0C8A0528C1C10C00FEE351 /* Laughing King Emote.m4a */; };
		3C0C8A5828C1C10D00FEE351 /* Electro Wizard Bulb Emote.m4a in Resources */ = {isa = PBXBuildFile; fileRef = 3C0C8A0628C1C10C00FEE351 /* Electro Wizard Bulb Emote.m4a */; };
		3C0C8A5928C1C10D00FEE351 /* Pig Helmet Emote.m4a in Resources */ = {isa = PBXBuildFile; fileRef = 3C0C8A0728C1C10C00FEE351 /* Pig Helmet Emote.m4a */; };
		3C0C8A5A28C1C10D00FEE351 /* Pig Eating Noodles Emote.m4a in Resources */ = {isa = PBXBuildFile; fileRef = 3C0C8A0828C1C10C00FEE351 /* Pig Eating Noodles Emote.m4a */; };
		3C0C8A5B28C1C10D00FEE351 /* Wizard Blowing Flame Emote.m4a in Resources */ = {isa = PBXBuildFile; fileRef = 3C0C8A0928C1C10C00FEE351 /* Wizard Blowing Flame Emote.m4a */; };
		3C0C8A5C28C1C10D00FEE351 /* Goblin Pretty Please Emote.m4a in Resources */ = {isa = PBXBuildFile; fileRef = 3C0C8A0A28C1C10C00FEE351 /* Goblin Pretty Please Emote.m4a */; };
		3C0C8A5D28C1C10D00FEE351 /* Hog Rider Screaming Emote.m4a in Resources */ = {isa = PBXBuildFile; fileRef = 3C0C8A0B28C1C10C00FEE351 /* Hog Rider Screaming Emote.m4a */; };
		3C0C8A5E28C1C10D00FEE351 /* Goblin Biting Nails Emote.m4a in Resources */ = {isa = PBXBuildFile; fileRef = 3C0C8A0C28C1C10C00FEE351 /* Goblin Biting Nails Emote.m4a */; };
		3C0C8A5F28C1C10D00FEE351 /* Golden Hog Rider Emote.m4a in Resources */ = {isa = PBXBuildFile; fileRef = 3C0C8A0D28C1C10C00FEE351 /* Golden Hog Rider Emote.m4a */; };
		3C0C8A6028C1C10D00FEE351 /* Bandit Screaming Emote.m4a in Resources */ = {isa = PBXBuildFile; fileRef = 3C0C8A0E28C1C10C00FEE351 /* Bandit Screaming Emote.m4a */; };
		3C0C8A6128C1C10D00FEE351 /* Musketeer Emote.m4a in Resources */ = {isa = PBXBuildFile; fileRef = 3C0C8A0F28C1C10C00FEE351 /* Musketeer Emote.m4a */; };
		3C0C8A6228C1C10D00FEE351 /* Pig Dragon Emote.m4a in Resources */ = {isa = PBXBuildFile; fileRef = 3C0C8A1028C1C10C00FEE351 /* Pig Dragon Emote.m4a */; };
		3C0C8A6328C1C10D00FEE351 /* Goblin Kissing Trophy Emote.m4a in Resources */ = {isa = PBXBuildFile; fileRef = 3C0C8A1128C1C10C00FEE351 /* Goblin Kissing Trophy Emote.m4a */; };
		3C0C8A6428C1C10D00FEE351 /* Royal Ghost Exclusive Emote.m4a in Resources */ = {isa = PBXBuildFile; fileRef = 3C0C8A1228C1C10C00FEE351 /* Royal Ghost Exclusive Emote.m4a */; };
		3C0C8A6528C1C10D00FEE351 /* Laughing Electro Wizard Emote.m4a in Resources */ = {isa = PBXBuildFile; fileRef = 3C0C8A1328C1C10C00FEE351 /* Laughing Electro Wizard Emote.m4a */; };
		3C0C8A6628C1C10D00FEE351 /* Angry Princess Emote.m4a in Resources */ = {isa = PBXBuildFile; fileRef = 3C0C8A1428C1C10C00FEE351 /* Angry Princess Emote.m4a */; };
		3C0C8A6728C1C10D00FEE351 /* Goblin Hands on Face Emote.m4a in Resources */ = {isa = PBXBuildFile; fileRef = 3C0C8A1528C1C10C00FEE351 /* Goblin Hands on Face Emote.m4a */; };
		3C0C8A6828C1C10D00FEE351 /* Goblin Glasses Emote.m4a in Resources */ = {isa = PBXBuildFile; fileRef = 3C0C8A1628C1C10C00FEE351 /* Goblin Glasses Emote.m4a */; };
		3C0C8A6A28C1C10D00FEE351 /* Princess Victory Emote.m4a in Resources */ = {isa = PBXBuildFile; fileRef = 3C0C8A1828C1C10C00FEE351 /* Princess Victory Emote.m4a */; };
		3C0C8A6B28C1C10D00FEE351 /* Sleeping Pig Emote.m4a in Resources */ = {isa = PBXBuildFile; fileRef = 3C0C8A1928C1C10C00FEE351 /* Sleeping Pig Emote.m4a */; };
		3C0C8A6C28C1C10D00FEE351 /* Barbarian Sword Emote.m4a in Resources */ = {isa = PBXBuildFile; fileRef = 3C0C8A1A28C1C10C00FEE351 /* Barbarian Sword Emote.m4a */; };
		3C0C8A6D28C1C10D00FEE351 /* Angry Ram Rider Emote.m4a in Resources */ = {isa = PBXBuildFile; fileRef = 3C0C8A1B28C1C10C00FEE351 /* Angry Ram Rider Emote.m4a */; };
		3C0C8A6E28C1C10D00FEE351 /* Goblin Kissing Emote.m4a in Resources */ = {isa = PBXBuildFile; fileRef = 3C0C8A1C28C1C10C00FEE351 /* Goblin Kissing Emote.m4a */; };
		3C0C8A6F28C1C10D00FEE351 /* Nervous Princess Emote.m4a in Resources */ = {isa = PBXBuildFile; fileRef = 3C0C8A1D28C1C10C00FEE351 /* Nervous Princess Emote.m4a */; };
		3C0C8A7028C1C10D00FEE351 /* Goblin Bicep Emote.m4a in Resources */ = {isa = PBXBuildFile; fileRef = 3C0C8A1E28C1C10C00FEE351 /* Goblin Bicep Emote.m4a */; };
		3C0C8A7128C1C10D00FEE351 /* Pig Emote.m4a in Resources */ = {isa = PBXBuildFile; fileRef = 3C0C8A1F28C1C10C00FEE351 /* Pig Emote.m4a */; };
		3C0C8A7228C1C10D00FEE351 /* Princess Thumbs Up Emote.m4a in Resources */ = {isa = PBXBuildFile; fileRef = 3C0C8A2028C1C10C00FEE351 /* Princess Thumbs Up Emote.m4a */; };
		3C0C8A7328C1C10D00FEE351 /* Dark Prince Arrow Emote.m4a in Resources */ = {isa = PBXBuildFile; fileRef = 3C0C8A2128C1C10C00FEE351 /* Dark Prince Arrow Emote.m4a */; };
		3C0C8A7428C1C10D00FEE351 /* Angry Giant Emote.m4a in Resources */ = {isa = PBXBuildFile; fileRef = 3C0C8A2228C1C10C00FEE351 /* Angry Giant Emote.m4a */; };
		3C0C8A7528C1C10D00FEE351 /* Hunter Emote.m4a in Resources */ = {isa = PBXBuildFile; fileRef = 3C0C8A2328C1C10C00FEE351 /* Hunter Emote.m4a */; };
		3C0C8A7628C1C10D00FEE351 /* Inferno Tower Emote.m4a in Resources */ = {isa = PBXBuildFile; fileRef = 3C0C8A2428C1C10C00FEE351 /* Inferno Tower Emote.m4a */; };
		3C0C8A7728C1C10D00FEE351 /* Minion Emote.m4a in Resources */ = {isa = PBXBuildFile; fileRef = 3C0C8A2528C1C10C00FEE351 /* Minion Emote.m4a */; };
		3C0C8A7828C1C10D00FEE351 /* Pig Screaming Emote.m4a in Resources */ = {isa = PBXBuildFile; fileRef = 3C0C8A2628C1C10C00FEE351 /* Pig Screaming Emote.m4a */; };
		3C0C8A7928C1C10D00FEE351 /* Crying Skeleton Emote.m4a in Resources */ = {isa = PBXBuildFile; fileRef = 3C0C8A2728C1C10D00FEE351 /* Crying Skeleton Emote.m4a */; };
		3C0C8A7A28C1C10D00FEE351 /* Wizard Dap Emote.m4a in Resources */ = {isa = PBXBuildFile; fileRef = 3C0C8A2828C1C10D00FEE351 /* Wizard Dap Emote.m4a */; };
		3C0C8A7B28C1C10D00FEE351 /* Hog Rider Kissing Emote.m4a in Resources */ = {isa = PBXBuildFile; fileRef = 3C0C8A2928C1C10D00FEE351 /* Hog Rider Kissing Emote.m4a */; };
		3C0C8A7C28C1C10D00FEE351 /* Mini Pekka Pan Cake Emote.m4a in Resources */ = {isa = PBXBuildFile; fileRef = 3C0C8A2A28C1C10D00FEE351 /* Mini Pekka Pan Cake Emote.m4a */; };
		3C0C8A7D28C1C10D00FEE351 /* Bomber Giving Bomb Emote.m4a in Resources */ = {isa = PBXBuildFile; fileRef = 3C0C8A2B28C1C10D00FEE351 /* Bomber Giving Bomb Emote.m4a */; };
		3C0C8A7E28C1C10D00FEE351 /* Prince Emote.m4a in Resources */ = {isa = PBXBuildFile; fileRef = 3C0C8A2C28C1C10D00FEE351 /* Prince Emote.m4a */; };
		3C0C8A7F28C1C10D00FEE351 /* Princess Arrow Emote.m4a in Resources */ = {isa = PBXBuildFile; fileRef = 3C0C8A2D28C1C10D00FEE351 /* Princess Arrow Emote.m4a */; };
		3C0C8A8028C1C10D00FEE351 /* Giant Crushing Rock Emote.m4a in Resources */ = {isa = PBXBuildFile; fileRef = 3C0C8A2E28C1C10D00FEE351 /* Giant Crushing Rock Emote.m4a */; };
		3C30161428C19FBE0061A670 /* ClubDay2022App.swift in Sources */ = {isa = PBXBuildFile; fileRef = 3C30161328C19FBE0061A670 /* ClubDay2022App.swift */; };
		3C30161628C19FBE0061A670 /* ContentView.swift in Sources */ = {isa = PBXBuildFile; fileRef = 3C30161528C19FBE0061A670 /* ContentView.swift */; };
		3C30161828C19FBF0061A670 /* Assets.xcassets in Resources */ = {isa = PBXBuildFile; fileRef = 3C30161728C19FBF0061A670 /* Assets.xcassets */; };
		3C30162228C1A0AC0061A670 /* Emote.swift in Sources */ = {isa = PBXBuildFile; fileRef = 3C30162128C1A0AB0061A670 /* Emote.swift */; };
		3C30162428C1A0D10061A670 /* Shared.swift in Sources */ = {isa = PBXBuildFile; fileRef = 3C30162328C1A0D10061A670 /* Shared.swift */; };
		3C30162B28C1A1AA0061A670 /* EmotesView.swift in Sources */ = {isa = PBXBuildFile; fileRef = 3C30162A28C1A1AA0061A670 /* EmotesView.swift */; };
		3C30162D28C1A1EC0061A670 /* Utilities.swift in Sources */ = {isa = PBXBuildFile; fileRef = 3C30162C28C1A1EC0061A670 /* Utilities.swift */; };
		3C30162F28C1A2190061A670 /* ViewModel.swift in Sources */ = {isa = PBXBuildFile; fileRef = 3C30162E28C1A2190061A670 /* ViewModel.swift */; };
		3C30163328C1A3290061A670 /* AudioPlayer.swift in Sources */ = {isa = PBXBuildFile; fileRef = 3C30163228C1A3290061A670 /* AudioPlayer.swift */; };
		3C30163528C1A57B0061A670 /* SoundboardView.swift in Sources */ = {isa = PBXBuildFile; fileRef = 3C30163428C1A57B0061A670 /* SoundboardView.swift */; };
		3C30163728C1A5A20061A670 /* Column.swift in Sources */ = {isa = PBXBuildFile; fileRef = 3C30163628C1A5A20061A670 /* Column.swift */; };
		3C30163928C1A5AF0061A670 /* Slot.swift in Sources */ = {isa = PBXBuildFile; fileRef = 3C30163828C1A5AF0061A670 /* Slot.swift */; };
		3C30163C28C1B7730061A670 /* Popovers in Frameworks */ = {isa = PBXBuildFile; productRef = 3C30163B28C1B7730061A670 /* Popovers */; };
		3C72DB5828F87FF000B4E1A9 /* LaunchScreen.storyboard in Resources */ = {isa = PBXBuildFile; fileRef = 3C72DB5728F87FF000B4E1A9 /* LaunchScreen.storyboard */; };
		3CB8FAB628DADC5300C6008D /* AboutView.swift in Sources */ = {isa = PBXBuildFile; fileRef = 3CB8FAB528DADC5300C6008D /* AboutView.swift */; };
/* End PBXBuildFile section */

/* Begin PBXFileReference section */
		3C0C89D928C1B94300FEE351 /* Galpon-Black.otf */ = {isa = PBXFileReference; lastKnownFileType = file; path = "Galpon-Black.otf"; sourceTree = "<group>"; };
		3C0C89DB28C1B96100FEE351 /* Info.plist */ = {isa = PBXFileReference; lastKnownFileType = text.plist; path = Info.plist; sourceTree = "<group>"; };
		3C0C89DD28C1C10A00FEE351 /* Angry Goblin Emote.m4a */ = {isa = PBXFileReference; lastKnownFileType = file; path = "Angry Goblin Emote.m4a"; sourceTree = "<group>"; };
		3C0C89DE28C1C10A00FEE351 /* Knight Phew Exclusive Emote.m4a */ = {isa = PBXFileReference; lastKnownFileType = file; path = "Knight Phew Exclusive Emote.m4a"; sourceTree = "<group>"; };
		3C0C89DF28C1C10A00FEE351 /* Magic Archer Emote.m4a */ = {isa = PBXFileReference; lastKnownFileType = file; path = "Magic Archer Emote.m4a"; sourceTree = "<group>"; };
		3C0C89E028C1C10A00FEE351 /* Electro Wizard thumbs Up Emote.m4a */ = {isa = PBXFileReference; lastKnownFileType = file; path = "Electro Wizard thumbs Up Emote.m4a"; sourceTree = "<group>"; };
		3C0C89E128C1C10A00FEE351 /* Valkyrie Emote.m4a */ = {isa = PBXFileReference; lastKnownFileType = file; path = "Valkyrie Emote.m4a"; sourceTree = "<group>"; };
		3C0C89E228C1C10B00FEE351 /* Skeleton Putting Head Back Emote.m4a */ = {isa = PBXFileReference; lastKnownFileType = file; path = "Skeleton Putting Head Back Emote.m4a"; sourceTree = "<group>"; };
		3C0C89E328C1C10B00FEE351 /* Wizard Flame Emote.m4a */ = {isa = PBXFileReference; lastKnownFileType = file; path = "Wizard Flame Emote.m4a"; sourceTree = "<group>"; };
		3C0C89E428C1C10B00FEE351 /* Goblin thumbs Up Emote.m4a */ = {isa = PBXFileReference; lastKnownFileType = file; path = "Goblin thumbs Up Emote.m4a"; sourceTree = "<group>"; };
		3C0C89E528C1C10B00FEE351 /* Goblin Tongue Emote.m4a */ = {isa = PBXFileReference; lastKnownFileType = file; path = "Goblin Tongue Emote.m4a"; sourceTree = "<group>"; };
		3C0C89E628C1C10B00FEE351 /* Ice Spirit Emote.m4a */ = {isa = PBXFileReference; lastKnownFileType = file; path = "Ice Spirit Emote.m4a"; sourceTree = "<group>"; };
		3C0C89E728C1C10B00FEE351 /* Goblin Knife Emote.m4a */ = {isa = PBXFileReference; lastKnownFileType = file; path = "Goblin Knife Emote.m4a"; sourceTree = "<group>"; };
		3C0C89E828C1C10B00FEE351 /* Burning Goblin Emote.m4a */ = {isa = PBXFileReference; lastKnownFileType = file; path = "Burning Goblin Emote.m4a"; sourceTree = "<group>"; };
		3C0C89E928C1C10B00FEE351 /* Giant Eating Meat Emote.m4a */ = {isa = PBXFileReference; lastKnownFileType = file; path = "Giant Eating Meat Emote.m4a"; sourceTree = "<group>"; };
		3C0C89EA28C1C10B00FEE351 /* Barbarian Poking Nose Emote.m4a */ = {isa = PBXFileReference; lastKnownFileType = file; path = "Barbarian Poking Nose Emote.m4a"; sourceTree = "<group>"; };
		3C0C89EB28C1C10B00FEE351 /* Crying King Emote.m4a */ = {isa = PBXFileReference; lastKnownFileType = file; path = "Crying King Emote.m4a"; sourceTree = "<group>"; };
		3C0C89EC28C1C10B00FEE351 /* Baby Dragon Laughing Emote.m4a */ = {isa = PBXFileReference; lastKnownFileType = file; path = "Baby Dragon Laughing Emote.m4a"; sourceTree = "<group>"; };
		3C0C89ED28C1C10B00FEE351 /* Ice Wizard Christmas Emote.m4a */ = {isa = PBXFileReference; lastKnownFileType = file; path = "Ice Wizard Christmas Emote.m4a"; sourceTree = "<group>"; };
		3C0C89EE28C1C10B00FEE351 /* Angry Barbarian Emote.m4a */ = {isa = PBXFileReference; lastKnownFileType = file; path = "Angry Barbarian Emote.m4a"; sourceTree = "<group>"; };
		3C0C89EF28C1C10B00FEE351 /* E Wizard Getting Current Emote.m4a */ = {isa = PBXFileReference; lastKnownFileType = file; path = "E Wizard Getting Current Emote.m4a"; sourceTree = "<group>"; };
		3C0C89F028C1C10B00FEE351 /* Goblin Victory Emote.m4a */ = {isa = PBXFileReference; lastKnownFileType = file; path = "Goblin Victory Emote.m4a"; sourceTree = "<group>"; };
		3C0C89F128C1C10B00FEE351 /* Princess Kissing Emote.m4a */ = {isa = PBXFileReference; lastKnownFileType = file; path = "Princess Kissing Emote.m4a"; sourceTree = "<group>"; };
		3C0C89F228C1C10B00FEE351 /* Skeleton Heart Emote.m4a */ = {isa = PBXFileReference; lastKnownFileType = file; path = "Skeleton Heart Emote.m4a"; sourceTree = "<group>"; };
		3C0C89F328C1C10B00FEE351 /* Goblin Finger Emote.m4a */ = {isa = PBXFileReference; lastKnownFileType = file; path = "Goblin Finger Emote.m4a"; sourceTree = "<group>"; };
		3C0C89F428C1C10B00FEE351 /* Bandit Dash Emote.m4a */ = {isa = PBXFileReference; lastKnownFileType = file; path = "Bandit Dash Emote.m4a"; sourceTree = "<group>"; };
		3C0C89F528C1C10B00FEE351 /* Ram Rider Goat Emote.m4a */ = {isa = PBXFileReference; lastKnownFileType = file; path = "Ram Rider Goat Emote.m4a"; sourceTree = "<group>"; };
		3C0C89F628C1C10B00FEE351 /* Giant thumbs Up Emote.m4a */ = {isa = PBXFileReference; lastKnownFileType = file; path = "Giant thumbs Up Emote.m4a"; sourceTree = "<group>"; };
		3C0C89F728C1C10B00FEE351 /* Yawning Princess Emote.m4a */ = {isa = PBXFileReference; lastKnownFileType = file; path = "Yawning Princess Emote.m4a"; sourceTree = "<group>"; };
		3C0C89F828C1C10B00FEE351 /* Knight Emote.m4a */ = {isa = PBXFileReference; lastKnownFileType = file; path = "Knight Emote.m4a"; sourceTree = "<group>"; };
		3C0C89F928C1C10B00FEE351 /* Goblin Mean Laugh Emote.m4a */ = {isa = PBXFileReference; lastKnownFileType = file; path = "Goblin Mean Laugh Emote.m4a"; sourceTree = "<group>"; };
		3C0C89FA28C1C10B00FEE351 /* Skeleton Bulb Emote.m4a */ = {isa = PBXFileReference; lastKnownFileType = file; path = "Skeleton Bulb Emote.m4a"; sourceTree = "<group>"; };
		3C0C89FB28C1C10B00FEE351 /* King with Sign Exclusive Emote.m4a */ = {isa = PBXFileReference; lastKnownFileType = file; path = "King with Sign Exclusive Emote.m4a"; sourceTree = "<group>"; };
		3C0C89FC28C1C10B00FEE351 /* Princess Whistling Emote.m4a */ = {isa = PBXFileReference; lastKnownFileType = file; path = "Princess Whistling Emote.m4a"; sourceTree = "<group>"; };
		3C0C89FD28C1C10B00FEE351 /* Hog Rider Hammer Emote.m4a */ = {isa = PBXFileReference; lastKnownFileType = file; path = "Hog Rider Hammer Emote.m4a"; sourceTree = "<group>"; };
		3C0C89FE28C1C10B00FEE351 /* Wizard IDK Emote.m4a */ = {isa = PBXFileReference; lastKnownFileType = file; path = "Wizard IDK Emote.m4a"; sourceTree = "<group>"; };
		3C0C89FF28C1C10B00FEE351 /* Goblin White Flag Emote.m4a */ = {isa = PBXFileReference; lastKnownFileType = file; path = "Goblin White Flag Emote.m4a"; sourceTree = "<group>"; };
		3C0C8A0028C1C10B00FEE351 /* Angry King Emote.m4a */ = {isa = PBXFileReference; lastKnownFileType = file; path = "Angry King Emote.m4a"; sourceTree = "<group>"; };
		3C0C8A0128C1C10B00FEE351 /* Laughing Barbarian Emote.m4a */ = {isa = PBXFileReference; lastKnownFileType = file; path = "Laughing Barbarian Emote.m4a"; sourceTree = "<group>"; };
		3C0C8A0228C1C10B00FEE351 /* Goblin Not Caring Emote.m4a */ = {isa = PBXFileReference; lastKnownFileType = file; path = "Goblin Not Caring Emote.m4a"; sourceTree = "<group>"; };
		3C0C8A0328C1C10B00FEE351 /* Hog Rider thinking Emote.m4a */ = {isa = PBXFileReference; lastKnownFileType = file; path = "Hog Rider thinking Emote.m4a"; sourceTree = "<group>"; };
		3C0C8A0428C1C10C00FEE351 /* Laughing Goblin Emote.m4a */ = {isa = PBXFileReference; lastKnownFileType = file; path = "Laughing Goblin Emote.m4a"; sourceTree = "<group>"; };
		3C0C8A0528C1C10C00FEE351 /* Laughing King Emote.m4a */ = {isa = PBXFileReference; lastKnownFileType = file; path = "Laughing King Emote.m4a"; sourceTree = "<group>"; };
		3C0C8A0628C1C10C00FEE351 /* Electro Wizard Bulb Emote.m4a */ = {isa = PBXFileReference; lastKnownFileType = file; path = "Electro Wizard Bulb Emote.m4a"; sourceTree = "<group>"; };
		3C0C8A0728C1C10C00FEE351 /* Pig Helmet Emote.m4a */ = {isa = PBXFileReference; lastKnownFileType = file; path = "Pig Helmet Emote.m4a"; sourceTree = "<group>"; };
		3C0C8A0828C1C10C00FEE351 /* Pig Eating Noodles Emote.m4a */ = {isa = PBXFileReference; lastKnownFileType = file; path = "Pig Eating Noodles Emote.m4a"; sourceTree = "<group>"; };
		3C0C8A0928C1C10C00FEE351 /* Wizard Blowing Flame Emote.m4a */ = {isa = PBXFileReference; lastKnownFileType = file; path = "Wizard Blowing Flame Emote.m4a"; sourceTree = "<group>"; };
		3C0C8A0A28C1C10C00FEE351 /* Goblin Pretty Please Emote.m4a */ = {isa = PBXFileReference; lastKnownFileType = file; path = "Goblin Pretty Please Emote.m4a"; sourceTree = "<group>"; };
		3C0C8A0B28C1C10C00FEE351 /* Hog Rider Screaming Emote.m4a */ = {isa = PBXFileReference; lastKnownFileType = file; path = "Hog Rider Screaming Emote.m4a"; sourceTree = "<group>"; };
		3C0C8A0C28C1C10C00FEE351 /* Goblin Biting Nails Emote.m4a */ = {isa = PBXFileReference; lastKnownFileType = file; path = "Goblin Biting Nails Emote.m4a"; sourceTree = "<group>"; };
		3C0C8A0D28C1C10C00FEE351 /* Golden Hog Rider Emote.m4a */ = {isa = PBXFileReference; lastKnownFileType = file; path = "Golden Hog Rider Emote.m4a"; sourceTree = "<group>"; };
		3C0C8A0E28C1C10C00FEE351 /* Bandit Screaming Emote.m4a */ = {isa = PBXFileReference; lastKnownFileType = file; path = "Bandit Screaming Emote.m4a"; sourceTree = "<group>"; };
		3C0C8A0F28C1C10C00FEE351 /* Musketeer Emote.m4a */ = {isa = PBXFileReference; lastKnownFileType = file; path = "Musketeer Emote.m4a"; sourceTree = "<group>"; };
		3C0C8A1028C1C10C00FEE351 /* Pig Dragon Emote.m4a */ = {isa = PBXFileReference; lastKnownFileType = file; path = "Pig Dragon Emote.m4a"; sourceTree = "<group>"; };
		3C0C8A1128C1C10C00FEE351 /* Goblin Kissing Trophy Emote.m4a */ = {isa = PBXFileReference; lastKnownFileType = file; path = "Goblin Kissing Trophy Emote.m4a"; sourceTree = "<group>"; };
		3C0C8A1228C1C10C00FEE351 /* Royal Ghost Exclusive Emote.m4a */ = {isa = PBXFileReference; lastKnownFileType = file; path = "Royal Ghost Exclusive Emote.m4a"; sourceTree = "<group>"; };
		3C0C8A1328C1C10C00FEE351 /* Laughing Electro Wizard Emote.m4a */ = {isa = PBXFileReference; lastKnownFileType = file; path = "Laughing Electro Wizard Emote.m4a"; sourceTree = "<group>"; };
		3C0C8A1428C1C10C00FEE351 /* Angry Princess Emote.m4a */ = {isa = PBXFileReference; lastKnownFileType = file; path = "Angry Princess Emote.m4a"; sourceTree = "<group>"; };
		3C0C8A1528C1C10C00FEE351 /* Goblin Hands on Face Emote.m4a */ = {isa = PBXFileReference; lastKnownFileType = file; path = "Goblin Hands on Face Emote.m4a"; sourceTree = "<group>"; };
		3C0C8A1628C1C10C00FEE351 /* Goblin Glasses Emote.m4a */ = {isa = PBXFileReference; lastKnownFileType = file; path = "Goblin Glasses Emote.m4a"; sourceTree = "<group>"; };
		3C0C8A1828C1C10C00FEE351 /* Princess Victory Emote.m4a */ = {isa = PBXFileReference; lastKnownFileType = file; path = "Princess Victory Emote.m4a"; sourceTree = "<group>"; };
		3C0C8A1928C1C10C00FEE351 /* Sleeping Pig Emote.m4a */ = {isa = PBXFileReference; lastKnownFileType = file; path = "Sleeping Pig Emote.m4a"; sourceTree = "<group>"; };
		3C0C8A1A28C1C10C00FEE351 /* Barbarian Sword Emote.m4a */ = {isa = PBXFileReference; lastKnownFileType = file; path = "Barbarian Sword Emote.m4a"; sourceTree = "<group>"; };
		3C0C8A1B28C1C10C00FEE351 /* Angry Ram Rider Emote.m4a */ = {isa = PBXFileReference; lastKnownFileType = file; path = "Angry Ram Rider Emote.m4a"; sourceTree = "<group>"; };
		3C0C8A1C28C1C10C00FEE351 /* Goblin Kissing Emote.m4a */ = {isa = PBXFileReference; lastKnownFileType = file; path = "Goblin Kissing Emote.m4a"; sourceTree = "<group>"; };
		3C0C8A1D28C1C10C00FEE351 /* Nervous Princess Emote.m4a */ = {isa = PBXFileReference; lastKnownFileType = file; path = "Nervous Princess Emote.m4a"; sourceTree = "<group>"; };
		3C0C8A1E28C1C10C00FEE351 /* Goblin Bicep Emote.m4a */ = {isa = PBXFileReference; lastKnownFileType = file; path = "Goblin Bicep Emote.m4a"; sourceTree = "<group>"; };
		3C0C8A1F28C1C10C00FEE351 /* Pig Emote.m4a */ = {isa = PBXFileReference; lastKnownFileType = file; path = "Pig Emote.m4a"; sourceTree = "<group>"; };
		3C0C8A2028C1C10C00FEE351 /* Princess Thumbs Up Emote.m4a */ = {isa = PBXFileReference; lastKnownFileType = file; path = "Princess Thumbs Up Emote.m4a"; sourceTree = "<group>"; };
		3C0C8A2128C1C10C00FEE351 /* Dark Prince Arrow Emote.m4a */ = {isa = PBXFileReference; lastKnownFileType = file; path = "Dark Prince Arrow Emote.m4a"; sourceTree = "<group>"; };
		3C0C8A2228C1C10C00FEE351 /* Angry Giant Emote.m4a */ = {isa = PBXFileReference; lastKnownFileType = file; path = "Angry Giant Emote.m4a"; sourceTree = "<group>"; };
		3C0C8A2328C1C10C00FEE351 /* Hunter Emote.m4a */ = {isa = PBXFileReference; lastKnownFileType = file; path = "Hunter Emote.m4a"; sourceTree = "<group>"; };
		3C0C8A2428C1C10C00FEE351 /* Inferno Tower Emote.m4a */ = {isa = PBXFileReference; lastKnownFileType = file; path = "Inferno Tower Emote.m4a"; sourceTree = "<group>"; };
		3C0C8A2528C1C10C00FEE351 /* Minion Emote.m4a */ = {isa = PBXFileReference; lastKnownFileType = file; path = "Minion Emote.m4a"; sourceTree = "<group>"; };
		3C0C8A2628C1C10C00FEE351 /* Pig Screaming Emote.m4a */ = {isa = PBXFileReference; lastKnownFileType = file; path = "Pig Screaming Emote.m4a"; sourceTree = "<group>"; };
		3C0C8A2728C1C10D00FEE351 /* Crying Skeleton Emote.m4a */ = {isa = PBXFileReference; lastKnownFileType = file; path = "Crying Skeleton Emote.m4a"; sourceTree = "<group>"; };
		3C0C8A2828C1C10D00FEE351 /* Wizard Dap Emote.m4a */ = {isa = PBXFileReference; lastKnownFileType = file; path = "Wizard Dap Emote.m4a"; sourceTree = "<group>"; };
		3C0C8A2928C1C10D00FEE351 /* Hog Rider Kissing Emote.m4a */ = {isa = PBXFileReference; lastKnownFileType = file; path = "Hog Rider Kissing Emote.m4a"; sourceTree = "<group>"; };
		3C0C8A2A28C1C10D00FEE351 /* Mini Pekka Pan Cake Emote.m4a */ = {isa = PBXFileReference; lastKnownFileType = file; path = "Mini Pekka Pan Cake Emote.m4a"; sourceTree = "<group>"; };
		3C0C8A2B28C1C10D00FEE351 /* Bomber Giving Bomb Emote.m4a */ = {isa = PBXFileReference; lastKnownFileType = file; path = "Bomber Giving Bomb Emote.m4a"; sourceTree = "<group>"; };
		3C0C8A2C28C1C10D00FEE351 /* Prince Emote.m4a */ = {isa = PBXFileReference; lastKnownFileType = file; path = "Prince Emote.m4a"; sourceTree = "<group>"; };
		3C0C8A2D28C1C10D00FEE351 /* Princess Arrow Emote.m4a */ = {isa = PBXFileReference; lastKnownFileType = file; path = "Princess Arrow Emote.m4a"; sourceTree = "<group>"; };
		3C0C8A2E28C1C10D00FEE351 /* Giant Crushing Rock Emote.m4a */ = {isa = PBXFileReference; lastKnownFileType = file; path = "Giant Crushing Rock Emote.m4a"; sourceTree = "<group>"; };
		3C30161028C19FBE0061A670 /* ClubDay2022.app */ = {isa = PBXFileReference; explicitFileType = wrapper.application; includeInIndex = 0; path = ClubDay2022.app; sourceTree = BUILT_PRODUCTS_DIR; };
		3C30161328C19FBE0061A670 /* ClubDay2022App.swift */ = {isa = PBXFileReference; lastKnownFileType = sourcecode.swift; path = ClubDay2022App.swift; sourceTree = "<group>"; };
		3C30161528C19FBE0061A670 /* ContentView.swift */ = {isa = PBXFileReference; lastKnownFileType = sourcecode.swift; path = ContentView.swift; sourceTree = "<group>"; };
		3C30161728C19FBF0061A670 /* Assets.xcassets */ = {isa = PBXFileReference; lastKnownFileType = folder.assetcatalog; path = Assets.xcassets; sourceTree = "<group>"; };
		3C30162128C1A0AB0061A670 /* Emote.swift */ = {isa = PBXFileReference; lastKnownFileType = sourcecode.swift; path = Emote.swift; sourceTree = "<group>"; };
		3C30162328C1A0D10061A670 /* Shared.swift */ = {isa = PBXFileReference; lastKnownFileType = sourcecode.swift; path = Shared.swift; sourceTree = "<group>"; };
		3C30162A28C1A1AA0061A670 /* EmotesView.swift */ = {isa = PBXFileReference; lastKnownFileType = sourcecode.swift; path = EmotesView.swift; sourceTree = "<group>"; };
		3C30162C28C1A1EC0061A670 /* Utilities.swift */ = {isa = PBXFileReference; lastKnownFileType = sourcecode.swift; path = Utilities.swift; sourceTree = "<group>"; };
		3C30162E28C1A2190061A670 /* ViewModel.swift */ = {isa = PBXFileReference; lastKnownFileType = sourcecode.swift; path = ViewModel.swift; sourceTree = "<group>"; };
		3C30163228C1A3290061A670 /* AudioPlayer.swift */ = {isa = PBXFileReference; lastKnownFileType = sourcecode.swift; path = AudioPlayer.swift; sourceTree = "<group>"; };
		3C30163428C1A57B0061A670 /* SoundboardView.swift */ = {isa = PBXFileReference; lastKnownFileType = sourcecode.swift; path = SoundboardView.swift; sourceTree = "<group>"; };
		3C30163628C1A5A20061A670 /* Column.swift */ = {isa = PBXFileReference; lastKnownFileType = sourcecode.swift; path = Column.swift; sourceTree = "<group>"; };
		3C30163828C1A5AF0061A670 /* Slot.swift */ = {isa = PBXFileReference; lastKnownFileType = sourcecode.swift; path = Slot.swift; sourceTree = "<group>"; };
		3C30163D28C1B7830061A670 /* Popovers */ = {isa = PBXFileReference; lastKnownFileType = wrapper; name = Popovers; path = ../../../../Code/Popovers; sourceTree = "<group>"; };
		3C72DB5728F87FF000B4E1A9 /* LaunchScreen.storyboard */ = {isa = PBXFileReference; lastKnownFileType = file.storyboard; path = LaunchScreen.storyboard; sourceTree = "<group>"; };
		3CB8FAB528DADC5300C6008D /* AboutView.swift */ = {isa = PBXFileReference; lastKnownFileType = sourcecode.swift; path = AboutView.swift; sourceTree = "<group>"; };
/* End PBXFileReference section */

/* Begin PBXFrameworksBuildPhase section */
		3C30160D28C19FBE0061A670 /* Frameworks */ = {
			isa = PBXFrameworksBuildPhase;
			buildActionMask = 2147483647;
			files = (
				3C30163C28C1B7730061A670 /* Popovers in Frameworks */,
			);
			runOnlyForDeploymentPostprocessing = 0;
		};
/* End PBXFrameworksBuildPhase section */

/* Begin PBXGroup section */
		3C0C89DA28C1B94700FEE351 /* Resources */ = {
			isa = PBXGroup;
			children = (
				3C30162C28C1A1EC0061A670 /* Utilities.swift */,
				3C0C89D928C1B94300FEE351 /* Galpon-Black.otf */,
			);
			path = Resources;
			sourceTree = "<group>";
		};
		3C30160728C19FBD0061A670 = {
			isa = PBXGroup;
			children = (
				3C30163D28C1B7830061A670 /* Popovers */,
				3C30161228C19FBE0061A670 /* ClubDay2022 */,
				3C30161128C19FBE0061A670 /* Products */,
			);
			sourceTree = "<group>";
		};
		3C30161128C19FBE0061A670 /* Products */ = {
			isa = PBXGroup;
			children = (
				3C30161028C19FBE0061A670 /* ClubDay2022.app */,
			);
			name = Products;
			sourceTree = "<group>";
		};
		3C30161228C19FBE0061A670 /* ClubDay2022 */ = {
			isa = PBXGroup;
			children = (
				3C0C89DB28C1B96100FEE351 /* Info.plist */,
				3C30161328C19FBE0061A670 /* ClubDay2022App.swift */,
				3C30162328C1A0D10061A670 /* Shared.swift */,
				3C30163128C1A3150061A670 /* Models */,
				3C30163028C1A3100061A670 /* Views */,
				3C0C89DA28C1B94700FEE351 /* Resources */,
				3C30162528C1A1720061A670 /* Audio */,
				3C30161728C19FBF0061A670 /* Assets.xcassets */,
				3C72DB5728F87FF000B4E1A9 /* LaunchScreen.storyboard */,
			);
			path = ClubDay2022;
			sourceTree = "<group>";
		};
		3C30162528C1A1720061A670 /* Audio */ = {
			isa = PBXGroup;
			children = (
				3C0C89EE28C1C10B00FEE351 /* Angry Barbarian Emote.m4a */,
				3C0C8A2228C1C10C00FEE351 /* Angry Giant Emote.m4a */,
				3C0C89DD28C1C10A00FEE351 /* Angry Goblin Emote.m4a */,
				3C0C8A0028C1C10B00FEE351 /* Angry King Emote.m4a */,
				3C0C8A1428C1C10C00FEE351 /* Angry Princess Emote.m4a */,
				3C0C8A1B28C1C10C00FEE351 /* Angry Ram Rider Emote.m4a */,
				3C0C89EC28C1C10B00FEE351 /* Baby Dragon Laughing Emote.m4a */,
				3C0C89F428C1C10B00FEE351 /* Bandit Dash Emote.m4a */,
				3C0C8A0E28C1C10C00FEE351 /* Bandit Screaming Emote.m4a */,
				3C0C89EA28C1C10B00FEE351 /* Barbarian Poking Nose Emote.m4a */,
				3C0C8A1A28C1C10C00FEE351 /* Barbarian Sword Emote.m4a */,
				3C0C8A2B28C1C10D00FEE351 /* Bomber Giving Bomb Emote.m4a */,
				3C0C89E828C1C10B00FEE351 /* Burning Goblin Emote.m4a */,
				3C0C89EB28C1C10B00FEE351 /* Crying King Emote.m4a */,
				3C0C8A2728C1C10D00FEE351 /* Crying Skeleton Emote.m4a */,
				3C0C8A2128C1C10C00FEE351 /* Dark Prince Arrow Emote.m4a */,
				3C0C89EF28C1C10B00FEE351 /* E Wizard Getting Current Emote.m4a */,
				3C0C8A0628C1C10C00FEE351 /* Electro Wizard Bulb Emote.m4a */,
				3C0C89E028C1C10A00FEE351 /* Electro Wizard thumbs Up Emote.m4a */,
				3C0C8A2E28C1C10D00FEE351 /* Giant Crushing Rock Emote.m4a */,
				3C0C89E928C1C10B00FEE351 /* Giant Eating Meat Emote.m4a */,
				3C0C89F628C1C10B00FEE351 /* Giant thumbs Up Emote.m4a */,
				3C0C8A1E28C1C10C00FEE351 /* Goblin Bicep Emote.m4a */,
				3C0C8A0C28C1C10C00FEE351 /* Goblin Biting Nails Emote.m4a */,
				3C0C89F328C1C10B00FEE351 /* Goblin Finger Emote.m4a */,
				3C0C8A1628C1C10C00FEE351 /* Goblin Glasses Emote.m4a */,
				3C0C8A1528C1C10C00FEE351 /* Goblin Hands on Face Emote.m4a */,
				3C0C8A1C28C1C10C00FEE351 /* Goblin Kissing Emote.m4a */,
				3C0C8A1128C1C10C00FEE351 /* Goblin Kissing Trophy Emote.m4a */,
				3C0C89E728C1C10B00FEE351 /* Goblin Knife Emote.m4a */,
				3C0C89F928C1C10B00FEE351 /* Goblin Mean Laugh Emote.m4a */,
				3C0C8A0228C1C10B00FEE351 /* Goblin Not Caring Emote.m4a */,
				3C0C8A0A28C1C10C00FEE351 /* Goblin Pretty Please Emote.m4a */,
				3C0C89E428C1C10B00FEE351 /* Goblin thumbs Up Emote.m4a */,
				3C0C89E528C1C10B00FEE351 /* Goblin Tongue Emote.m4a */,
				3C0C89F028C1C10B00FEE351 /* Goblin Victory Emote.m4a */,
				3C0C89FF28C1C10B00FEE351 /* Goblin White Flag Emote.m4a */,
				3C0C8A0D28C1C10C00FEE351 /* Golden Hog Rider Emote.m4a */,
				3C0C89FD28C1C10B00FEE351 /* Hog Rider Hammer Emote.m4a */,
				3C0C8A2928C1C10D00FEE351 /* Hog Rider Kissing Emote.m4a */,
				3C0C8A0B28C1C10C00FEE351 /* Hog Rider Screaming Emote.m4a */,
				3C0C8A0328C1C10B00FEE351 /* Hog Rider thinking Emote.m4a */,
				3C0C8A2328C1C10C00FEE351 /* Hunter Emote.m4a */,
				3C0C89E628C1C10B00FEE351 /* Ice Spirit Emote.m4a */,
				3C0C89ED28C1C10B00FEE351 /* Ice Wizard Christmas Emote.m4a */,
				3C0C8A2428C1C10C00FEE351 /* Inferno Tower Emote.m4a */,
				3C0C89FB28C1C10B00FEE351 /* King with Sign Exclusive Emote.m4a */,
				3C0C89F828C1C10B00FEE351 /* Knight Emote.m4a */,
				3C0C89DE28C1C10A00FEE351 /* Knight Phew Exclusive Emote.m4a */,
				3C0C8A0128C1C10B00FEE351 /* Laughing Barbarian Emote.m4a */,
				3C0C8A1328C1C10C00FEE351 /* Laughing Electro Wizard Emote.m4a */,
				3C0C8A0428C1C10C00FEE351 /* Laughing Goblin Emote.m4a */,
				3C0C8A0528C1C10C00FEE351 /* Laughing King Emote.m4a */,
				3C0C89DF28C1C10A00FEE351 /* Magic Archer Emote.m4a */,
				3C0C8A2A28C1C10D00FEE351 /* Mini Pekka Pan Cake Emote.m4a */,
				3C0C8A2528C1C10C00FEE351 /* Minion Emote.m4a */,
				3C0C8A0F28C1C10C00FEE351 /* Musketeer Emote.m4a */,
				3C0C8A1D28C1C10C00FEE351 /* Nervous Princess Emote.m4a */,
				3C0C8A1028C1C10C00FEE351 /* Pig Dragon Emote.m4a */,
				3C0C8A0828C1C10C00FEE351 /* Pig Eating Noodles Emote.m4a */,
				3C0C8A1F28C1C10C00FEE351 /* Pig Emote.m4a */,
				3C0C8A0728C1C10C00FEE351 /* Pig Helmet Emote.m4a */,
				3C0C8A2628C1C10C00FEE351 /* Pig Screaming Emote.m4a */,
				3C0C8A2C28C1C10D00FEE351 /* Prince Emote.m4a */,
				3C0C8A2D28C1C10D00FEE351 /* Princess Arrow Emote.m4a */,
				3C0C89F128C1C10B00FEE351 /* Princess Kissing Emote.m4a */,
				3C0C8A2028C1C10C00FEE351 /* Princess Thumbs Up Emote.m4a */,
				3C0C8A1828C1C10C00FEE351 /* Princess Victory Emote.m4a */,
				3C0C89FC28C1C10B00FEE351 /* Princess Whistling Emote.m4a */,
				3C0C89F528C1C10B00FEE351 /* Ram Rider Goat Emote.m4a */,
				3C0C8A1228C1C10C00FEE351 /* Royal Ghost Exclusive Emote.m4a */,
				3C0C89FA28C1C10B00FEE351 /* Skeleton Bulb Emote.m4a */,
				3C0C89F228C1C10B00FEE351 /* Skeleton Heart Emote.m4a */,
				3C0C89E228C1C10B00FEE351 /* Skeleton Putting Head Back Emote.m4a */,
				3C0C8A1928C1C10C00FEE351 /* Sleeping Pig Emote.m4a */,
				3C0C89E128C1C10A00FEE351 /* Valkyrie Emote.m4a */,
				3C0C8A0928C1C10C00FEE351 /* Wizard Blowing Flame Emote.m4a */,
				3C0C8A2828C1C10D00FEE351 /* Wizard Dap Emote.m4a */,
				3C0C89E328C1C10B00FEE351 /* Wizard Flame Emote.m4a */,
				3C0C89FE28C1C10B00FEE351 /* Wizard IDK Emote.m4a */,
				3C0C89F728C1C10B00FEE351 /* Yawning Princess Emote.m4a */,
			);
			path = Audio;
			sourceTree = "<group>";
		};
		3C30163028C1A3100061A670 /* Views */ = {
			isa = PBXGroup;
			children = (
				3C30161528C19FBE0061A670 /* ContentView.swift */,
				3C30163428C1A57B0061A670 /* SoundboardView.swift */,
				3C30162A28C1A1AA0061A670 /* EmotesView.swift */,
				3CB8FAB528DADC5300C6008D /* AboutView.swift */,
			);
			path = Views;
			sourceTree = "<group>";
		};
		3C30163128C1A3150061A670 /* Models */ = {
			isa = PBXGroup;
			children = (
				3C30162E28C1A2190061A670 /* ViewModel.swift */,
				3C30163228C1A3290061A670 /* AudioPlayer.swift */,
				3C30163628C1A5A20061A670 /* Column.swift */,
				3C30163828C1A5AF0061A670 /* Slot.swift */,
				3C30162128C1A0AB0061A670 /* Emote.swift */,
			);
			path = Models;
			sourceTree = "<group>";
		};
/* End PBXGroup section */

/* Begin PBXNativeTarget section */
		3C30160F28C19FBE0061A670 /* ClubDay2022 */ = {
			isa = PBXNativeTarget;
			buildConfigurationList = 3C30161E28C19FBF0061A670 /* Build configuration list for PBXNativeTarget "ClubDay2022" */;
			buildPhases = (
				3C30160C28C19FBE0061A670 /* Sources */,
				3C30160D28C19FBE0061A670 /* Frameworks */,
				3C30160E28C19FBE0061A670 /* Resources */,
			);
			buildRules = (
			);
			dependencies = (
			);
			name = ClubDay2022;
			packageProductDependencies = (
				3C30163B28C1B7730061A670 /* Popovers */,
			);
			productName = ClubDay2022;
			productReference = 3C30161028C19FBE0061A670 /* ClubDay2022.app */;
			productType = "com.apple.product-type.application";
		};
/* End PBXNativeTarget section */

/* Begin PBXProject section */
		3C30160828C19FBD0061A670 /* Project object */ = {
			isa = PBXProject;
			attributes = {
				BuildIndependentTargetsInParallel = 1;
				LastSwiftUpdateCheck = 1400;
				LastUpgradeCheck = 1400;
				TargetAttributes = {
					3C30160F28C19FBE0061A670 = {
						CreatedOnToolsVersion = 14.0;
					};
				};
			};
			buildConfigurationList = 3C30160B28C19FBD0061A670 /* Build configuration list for PBXProject "ClubDay2022" */;
			compatibilityVersion = "Xcode 14.0";
			developmentRegion = en;
			hasScannedForEncodings = 0;
			knownRegions = (
				en,
				Base,
			);
			mainGroup = 3C30160728C19FBD0061A670;
			packageReferences = (
				3C30163A28C1B7730061A670 /* XCRemoteSwiftPackageReference "Popovers" */,
			);
			productRefGroup = 3C30161128C19FBE0061A670 /* Products */;
			projectDirPath = "";
			projectRoot = "";
			targets = (
				3C30160F28C19FBE0061A670 /* ClubDay2022 */,
			);
		};
/* End PBXProject section */

/* Begin PBXResourcesBuildPhase section */
		3C30160E28C19FBE0061A670 /* Resources */ = {
			isa = PBXResourcesBuildPhase;
			buildActionMask = 2147483647;
			files = (
				3C0C8A7528C1C10D00FEE351 /* Hunter Emote.m4a in Resources */,
				3C0C8A6A28C1C10D00FEE351 /* Princess Victory Emote.m4a in Resources */,
				3C0C8A6128C1C10D00FEE351 /* Musketeer Emote.m4a in Resources */,
				3C0C8A3228C1C10D00FEE351 /* Electro Wizard thumbs Up Emote.m4a in Resources */,
				3C0C8A6328C1C10D00FEE351 /* Goblin Kissing Trophy Emote.m4a in Resources */,
				3C0C8A5928C1C10D00FEE351 /* Pig Helmet Emote.m4a in Resources */,
				3C0C8A4528C1C10D00FEE351 /* Goblin Finger Emote.m4a in Resources */,
				3C0C8A4128C1C10D00FEE351 /* E Wizard Getting Current Emote.m4a in Resources */,
				3C0C8A5428C1C10D00FEE351 /* Goblin Not Caring Emote.m4a in Resources */,
				3C0C8A5528C1C10D00FEE351 /* Hog Rider thinking Emote.m4a in Resources */,
				3C0C8A3428C1C10D00FEE351 /* Skeleton Putting Head Back Emote.m4a in Resources */,
				3C0C8A7E28C1C10D00FEE351 /* Prince Emote.m4a in Resources */,
				3C0C8A4328C1C10D00FEE351 /* Princess Kissing Emote.m4a in Resources */,
				3C0C8A7C28C1C10D00FEE351 /* Mini Pekka Pan Cake Emote.m4a in Resources */,
				3C0C8A6828C1C10D00FEE351 /* Goblin Glasses Emote.m4a in Resources */,
				3C0C8A7928C1C10D00FEE351 /* Crying Skeleton Emote.m4a in Resources */,
				3C0C8A4E28C1C10D00FEE351 /* Princess Whistling Emote.m4a in Resources */,
				3C0C8A3928C1C10D00FEE351 /* Goblin Knife Emote.m4a in Resources */,
				3C0C8A7B28C1C10D00FEE351 /* Hog Rider Kissing Emote.m4a in Resources */,
				3C0C8A7128C1C10D00FEE351 /* Pig Emote.m4a in Resources */,
				3C0C8A5728C1C10D00FEE351 /* Laughing King Emote.m4a in Resources */,
				3C0C8A3528C1C10D00FEE351 /* Wizard Flame Emote.m4a in Resources */,
				3C0C8A4728C1C10D00FEE351 /* Ram Rider Goat Emote.m4a in Resources */,
				3C0C8A7F28C1C10D00FEE351 /* Princess Arrow Emote.m4a in Resources */,
				3C0C8A6528C1C10D00FEE351 /* Laughing Electro Wizard Emote.m4a in Resources */,
				3C0C8A6228C1C10D00FEE351 /* Pig Dragon Emote.m4a in Resources */,
				3C0C8A4928C1C10D00FEE351 /* Yawning Princess Emote.m4a in Resources */,
				3C0C8A3F28C1C10D00FEE351 /* Ice Wizard Christmas Emote.m4a in Resources */,
				3C0C8A6428C1C10D00FEE351 /* Royal Ghost Exclusive Emote.m4a in Resources */,
				3C0C8A6B28C1C10D00FEE351 /* Sleeping Pig Emote.m4a in Resources */,
				3C0C8A7428C1C10D00FEE351 /* Angry Giant Emote.m4a in Resources */,
				3C0C8A5C28C1C10D00FEE351 /* Goblin Pretty Please Emote.m4a in Resources */,
				3C0C8A3C28C1C10D00FEE351 /* Barbarian Poking Nose Emote.m4a in Resources */,
				3C0C8A5B28C1C10D00FEE351 /* Wizard Blowing Flame Emote.m4a in Resources */,
				3C0C8A4A28C1C10D00FEE351 /* Knight Emote.m4a in Resources */,
				3C0C8A2F28C1C10D00FEE351 /* Angry Goblin Emote.m4a in Resources */,
				3C0C8A5D28C1C10D00FEE351 /* Hog Rider Screaming Emote.m4a in Resources */,
				3C0C8A3E28C1C10D00FEE351 /* Baby Dragon Laughing Emote.m4a in Resources */,
				3C0C8A5128C1C10D00FEE351 /* Goblin White Flag Emote.m4a in Resources */,
				3C0C8A4228C1C10D00FEE351 /* Goblin Victory Emote.m4a in Resources */,
				3C0C8A3D28C1C10D00FEE351 /* Crying King Emote.m4a in Resources */,
				3C0C8A3628C1C10D00FEE351 /* Goblin thumbs Up Emote.m4a in Resources */,
				3C0C8A6628C1C10D00FEE351 /* Angry Princess Emote.m4a in Resources */,
				3C0C8A5A28C1C10D00FEE351 /* Pig Eating Noodles Emote.m4a in Resources */,
				3C0C8A6F28C1C10D00FEE351 /* Nervous Princess Emote.m4a in Resources */,
				3C0C8A5628C1C10D00FEE351 /* Laughing Goblin Emote.m4a in Resources */,
				3C0C8A5028C1C10D00FEE351 /* Wizard IDK Emote.m4a in Resources */,
				3C0C8A4F28C1C10D00FEE351 /* Hog Rider Hammer Emote.m4a in Resources */,
				3C0C8A7728C1C10D00FEE351 /* Minion Emote.m4a in Resources */,
				3C0C8A6D28C1C10D00FEE351 /* Angry Ram Rider Emote.m4a in Resources */,
				3C0C8A8028C1C10D00FEE351 /* Giant Crushing Rock Emote.m4a in Resources */,
				3C0C8A5E28C1C10D00FEE351 /* Goblin Biting Nails Emote.m4a in Resources */,
				3C0C89DC28C1B9A900FEE351 /* Galpon-Black.otf in Resources */,
				3C0C8A7628C1C10D00FEE351 /* Inferno Tower Emote.m4a in Resources */,
				3C0C8A4B28C1C10D00FEE351 /* Goblin Mean Laugh Emote.m4a in Resources */,
				3C0C8A6E28C1C10D00FEE351 /* Goblin Kissing Emote.m4a in Resources */,
				3C0C8A7A28C1C10D00FEE351 /* Wizard Dap Emote.m4a in Resources */,
				3C0C8A3B28C1C10D00FEE351 /* Giant Eating Meat Emote.m4a in Resources */,
				3C72DB5828F87FF000B4E1A9 /* LaunchScreen.storyboard in Resources */,
				3C0C8A5828C1C10D00FEE351 /* Electro Wizard Bulb Emote.m4a in Resources */,
				3C0C8A7228C1C10D00FEE351 /* Princess Thumbs Up Emote.m4a in Resources */,
				3C0C8A6728C1C10D00FEE351 /* Goblin Hands on Face Emote.m4a in Resources */,
				3C0C8A7328C1C10D00FEE351 /* Dark Prince Arrow Emote.m4a in Resources */,
				3C0C8A4C28C1C10D00FEE351 /* Skeleton Bulb Emote.m4a in Resources */,
				3C0C8A3828C1C10D00FEE351 /* Ice Spirit Emote.m4a in Resources */,
				3C0C8A5F28C1C10D00FEE351 /* Golden Hog Rider Emote.m4a in Resources */,
				3C0C8A7D28C1C10D00FEE351 /* Bomber Giving Bomb Emote.m4a in Resources */,
				3C0C8A4D28C1C10D00FEE351 /* King with Sign Exclusive Emote.m4a in Resources */,
				3C0C8A6028C1C10D00FEE351 /* Bandit Screaming Emote.m4a in Resources */,
				3C0C8A3728C1C10D00FEE351 /* Goblin Tongue Emote.m4a in Resources */,
				3C0C8A7028C1C10D00FEE351 /* Goblin Bicep Emote.m4a in Resources */,
				3C0C8A3328C1C10D00FEE351 /* Valkyrie Emote.m4a in Resources */,
				3C0C8A6C28C1C10D00FEE351 /* Barbarian Sword Emote.m4a in Resources */,
				3C0C8A3128C1C10D00FEE351 /* Magic Archer Emote.m4a in Resources */,
				3C0C8A4428C1C10D00FEE351 /* Skeleton Heart Emote.m4a in Resources */,
				3C0C8A5328C1C10D00FEE351 /* Laughing Barbarian Emote.m4a in Resources */,
				3C0C8A3028C1C10D00FEE351 /* Knight Phew Exclusive Emote.m4a in Resources */,
				3C0C8A4828C1C10D00FEE351 /* Giant thumbs Up Emote.m4a in Resources */,
				3C0C8A7828C1C10D00FEE351 /* Pig Screaming Emote.m4a in Resources */,
				3C0C8A4028C1C10D00FEE351 /* Angry Barbarian Emote.m4a in Resources */,
				3C0C8A5228C1C10D00FEE351 /* Angry King Emote.m4a in Resources */,
				3C30161828C19FBF0061A670 /* Assets.xcassets in Resources */,
				3C0C8A3A28C1C10D00FEE351 /* Burning Goblin Emote.m4a in Resources */,
				3C0C8A4628C1C10D00FEE351 /* Bandit Dash Emote.m4a in Resources */,
			);
			runOnlyForDeploymentPostprocessing = 0;
		};
/* End PBXResourcesBuildPhase section */

/* Begin PBXSourcesBuildPhase section */
		3C30160C28C19FBE0061A670 /* Sources */ = {
			isa = PBXSourcesBuildPhase;
			buildActionMask = 2147483647;
			files = (
				3C30163528C1A57B0061A670 /* SoundboardView.swift in Sources */,
				3C30163728C1A5A20061A670 /* Column.swift in Sources */,
				3C30162D28C1A1EC0061A670 /* Utilities.swift in Sources */,
				3C30163328C1A3290061A670 /* AudioPlayer.swift in Sources */,
				3CB8FAB628DADC5300C6008D /* AboutView.swift in Sources */,
				3C30161628C19FBE0061A670 /* ContentView.swift in Sources */,
				3C30162428C1A0D10061A670 /* Shared.swift in Sources */,
				3C30161428C19FBE0061A670 /* ClubDay2022App.swift in Sources */,
				3C30162B28C1A1AA0061A670 /* EmotesView.swift in Sources */,
				3C30162228C1A0AC0061A670 /* Emote.swift in Sources */,
				3C30162F28C1A2190061A670 /* ViewModel.swift in Sources */,
				3C30163928C1A5AF0061A670 /* Slot.swift in Sources */,
			);
			runOnlyForDeploymentPostprocessing = 0;
		};
/* End PBXSourcesBuildPhase section */

/* Begin XCBuildConfiguration section */
		3C30161C28C19FBF0061A670 /* Debug */ = {
			isa = XCBuildConfiguration;
			buildSettings = {
				ALWAYS_SEARCH_USER_PATHS = NO;
				CLANG_ANALYZER_NONNULL = YES;
				CLANG_ANALYZER_NUMBER_OBJECT_CONVERSION = YES_AGGRESSIVE;
				CLANG_CXX_LANGUAGE_STANDARD = "gnu++20";
				CLANG_ENABLE_MODULES = YES;
				CLANG_ENABLE_OBJC_ARC = YES;
				CLANG_ENABLE_OBJC_WEAK = YES;
				CLANG_WARN_BLOCK_CAPTURE_AUTORELEASING = YES;
				CLANG_WARN_BOOL_CONVERSION = YES;
				CLANG_WARN_COMMA = YES;
				CLANG_WARN_CONSTANT_CONVERSION = YES;
				CLANG_WARN_DEPRECATED_OBJC_IMPLEMENTATIONS = YES;
				CLANG_WARN_DIRECT_OBJC_ISA_USAGE = YES_ERROR;
				CLANG_WARN_DOCUMENTATION_COMMENTS = YES;
				CLANG_WARN_EMPTY_BODY = YES;
				CLANG_WARN_ENUM_CONVERSION = YES;
				CLANG_WARN_INFINITE_RECURSION = YES;
				CLANG_WARN_INT_CONVERSION = YES;
				CLANG_WARN_NON_LITERAL_NULL_CONVERSION = YES;
				CLANG_WARN_OBJC_IMPLICIT_RETAIN_SELF = YES;
				CLANG_WARN_OBJC_LITERAL_CONVERSION = YES;
				CLANG_WARN_OBJC_ROOT_CLASS = YES_ERROR;
				CLANG_WARN_QUOTED_INCLUDE_IN_FRAMEWORK_HEADER = YES;
				CLANG_WARN_RANGE_LOOP_ANALYSIS = YES;
				CLANG_WARN_STRICT_PROTOTYPES = YES;
				CLANG_WARN_SUSPICIOUS_MOVE = YES;
				CLANG_WARN_UNGUARDED_AVAILABILITY = YES_AGGRESSIVE;
				CLANG_WARN_UNREACHABLE_CODE = YES;
				CLANG_WARN__DUPLICATE_METHOD_MATCH = YES;
				COPY_PHASE_STRIP = NO;
				DEBUG_INFORMATION_FORMAT = dwarf;
				ENABLE_STRICT_OBJC_MSGSEND = YES;
				ENABLE_TESTABILITY = YES;
				GCC_C_LANGUAGE_STANDARD = gnu11;
				GCC_DYNAMIC_NO_PIC = NO;
				GCC_NO_COMMON_BLOCKS = YES;
				GCC_OPTIMIZATION_LEVEL = 0;
				GCC_PREPROCESSOR_DEFINITIONS = (
					"DEBUG=1",
					"$(inherited)",
				);
				GCC_WARN_64_TO_32_BIT_CONVERSION = YES;
				GCC_WARN_ABOUT_RETURN_TYPE = YES_ERROR;
				GCC_WARN_UNDECLARED_SELECTOR = YES;
				GCC_WARN_UNINITIALIZED_AUTOS = YES_AGGRESSIVE;
				GCC_WARN_UNUSED_FUNCTION = YES;
				GCC_WARN_UNUSED_VARIABLE = YES;
				IPHONEOS_DEPLOYMENT_TARGET = 16.0;
				MTL_ENABLE_DEBUG_INFO = INCLUDE_SOURCE;
				MTL_FAST_MATH = YES;
				ONLY_ACTIVE_ARCH = YES;
				SDKROOT = iphoneos;
				SWIFT_ACTIVE_COMPILATION_CONDITIONS = DEBUG;
				SWIFT_OPTIMIZATION_LEVEL = "-Onone";
			};
			name = Debug;
		};
		3C30161D28C19FBF0061A670 /* Release */ = {
			isa = XCBuildConfiguration;
			buildSettings = {
				ALWAYS_SEARCH_USER_PATHS = NO;
				CLANG_ANALYZER_NONNULL = YES;
				CLANG_ANALYZER_NUMBER_OBJECT_CONVERSION = YES_AGGRESSIVE;
				CLANG_CXX_LANGUAGE_STANDARD = "gnu++20";
				CLANG_ENABLE_MODULES = YES;
				CLANG_ENABLE_OBJC_ARC = YES;
				CLANG_ENABLE_OBJC_WEAK = YES;
				CLANG_WARN_BLOCK_CAPTURE_AUTORELEASING = YES;
				CLANG_WARN_BOOL_CONVERSION = YES;
				CLANG_WARN_COMMA = YES;
				CLANG_WARN_CONSTANT_CONVERSION = YES;
				CLANG_WARN_DEPRECATED_OBJC_IMPLEMENTATIONS = YES;
				CLANG_WARN_DIRECT_OBJC_ISA_USAGE = YES_ERROR;
				CLANG_WARN_DOCUMENTATION_COMMENTS = YES;
				CLANG_WARN_EMPTY_BODY = YES;
				CLANG_WARN_ENUM_CONVERSION = YES;
				CLANG_WARN_INFINITE_RECURSION = YES;
				CLANG_WARN_INT_CONVERSION = YES;
				CLANG_WARN_NON_LITERAL_NULL_CONVERSION = YES;
				CLANG_WARN_OBJC_IMPLICIT_RETAIN_SELF = YES;
				CLANG_WARN_OBJC_LITERAL_CONVERSION = YES;
				CLANG_WARN_OBJC_ROOT_CLASS = YES_ERROR;
				CLANG_WARN_QUOTED_INCLUDE_IN_FRAMEWORK_HEADER = YES;
				CLANG_WARN_RANGE_LOOP_ANALYSIS = YES;
				CLANG_WARN_STRICT_PROTOTYPES = YES;
				CLANG_WARN_SUSPICIOUS_MOVE = YES;
				CLANG_WARN_UNGUARDED_AVAILABILITY = YES_AGGRESSIVE;
				CLANG_WARN_UNREACHABLE_CODE = YES;
				CLANG_WARN__DUPLICATE_METHOD_MATCH = YES;
				COPY_PHASE_STRIP = NO;
				DEBUG_INFORMATION_FORMAT = "dwarf-with-dsym";
				ENABLE_NS_ASSERTIONS = NO;
				ENABLE_STRICT_OBJC_MSGSEND = YES;
				GCC_C_LANGUAGE_STANDARD = gnu11;
				GCC_NO_COMMON_BLOCKS = YES;
				GCC_WARN_64_TO_32_BIT_CONVERSION = YES;
				GCC_WARN_ABOUT_RETURN_TYPE = YES_ERROR;
				GCC_WARN_UNDECLARED_SELECTOR = YES;
				GCC_WARN_UNINITIALIZED_AUTOS = YES_AGGRESSIVE;
				GCC_WARN_UNUSED_FUNCTION = YES;
				GCC_WARN_UNUSED_VARIABLE = YES;
				IPHONEOS_DEPLOYMENT_TARGET = 16.0;
				MTL_ENABLE_DEBUG_INFO = NO;
				MTL_FAST_MATH = YES;
				SDKROOT = iphoneos;
				SWIFT_COMPILATION_MODE = wholemodule;
				SWIFT_OPTIMIZATION_LEVEL = "-O";
				VALIDATE_PRODUCT = YES;
			};
			name = Release;
		};
		3C30161F28C19FBF0061A670 /* Debug */ = {
			isa = XCBuildConfiguration;
			buildSettings = {
				ASSETCATALOG_COMPILER_APPICON_NAME = AppIcon;
				ASSETCATALOG_COMPILER_GLOBAL_ACCENT_COLOR_NAME = AccentColor;
				CODE_SIGN_STYLE = Automatic;
				CURRENT_PROJECT_VERSION = 2;
				DEVELOPMENT_TEAM = ADNA9MACRX;
				ENABLE_PREVIEWS = YES;
				GENERATE_INFOPLIST_FILE = YES;
				INFOPLIST_FILE = ClubDay2022/Info.plist;
				INFOPLIST_KEY_CFBundleDisplayName = "CR Soundboard";
				INFOPLIST_KEY_UIApplicationSceneManifest_Generation = YES;
				INFOPLIST_KEY_UIApplicationSupportsIndirectInputEvents = YES;
				INFOPLIST_KEY_UILaunchScreen_Generation = YES;
				INFOPLIST_KEY_UILaunchStoryboardName = LaunchScreen.storyboard;
				INFOPLIST_KEY_UISupportedInterfaceOrientations = "UIInterfaceOrientationLandscapeLeft UIInterfaceOrientationLandscapeRight";
				INFOPLIST_KEY_UISupportedInterfaceOrientations_iPad = "UIInterfaceOrientationLandscapeLeft UIInterfaceOrientationLandscapeRight UIInterfaceOrientationPortrait UIInterfaceOrientationPortraitUpsideDown";
				IPHONEOS_DEPLOYMENT_TARGET = 15.0;
				LD_RUNPATH_SEARCH_PATHS = (
					"$(inherited)",
					"@executable_path/Frameworks",
				);
				MARKETING_VERSION = 1.0;
				PRODUCT_BUNDLE_IDENTIFIER = com.acalanescodingclub.clashroyalesoundboard;
				PRODUCT_NAME = "$(TARGET_NAME)";
				SWIFT_EMIT_LOC_STRINGS = YES;
				SWIFT_VERSION = 5.0;
				TARGETED_DEVICE_FAMILY = "1,2";
			};
			name = Debug;
		};
		3C30162028C19FBF0061A670 /* Release */ = {
			isa = XCBuildConfiguration;
			buildSettings = {
				ASSETCATALOG_COMPILER_APPICON_NAME = AppIcon;
				ASSETCATALOG_COMPILER_GLOBAL_ACCENT_COLOR_NAME = AccentColor;
				CODE_SIGN_STYLE = Automatic;
				CURRENT_PROJECT_VERSION = 2;
				DEVELOPMENT_TEAM = ADNA9MACRX;
				ENABLE_PREVIEWS = YES;
				GENERATE_INFOPLIST_FILE = YES;
				INFOPLIST_FILE = ClubDay2022/Info.plist;
				INFOPLIST_KEY_CFBundleDisplayName = "CR Soundboard";
				INFOPLIST_KEY_UIApplicationSceneManifest_Generation = YES;
				INFOPLIST_KEY_UIApplicationSupportsIndirectInputEvents = YES;
				INFOPLIST_KEY_UILaunchScreen_Generation = YES;
				INFOPLIST_KEY_UILaunchStoryboardName = LaunchScreen.storyboard;
				INFOPLIST_KEY_UISupportedInterfaceOrientations = "UIInterfaceOrientationLandscapeLeft UIInterfaceOrientationLandscapeRight";
				INFOPLIST_KEY_UISupportedInterfaceOrientations_iPad = "UIInterfaceOrientationLandscapeLeft UIInterfaceOrientationLandscapeRight UIInterfaceOrientationPortrait UIInterfaceOrientationPortraitUpsideDown";
				IPHONEOS_DEPLOYMENT_TARGET = 15.0;
				LD_RUNPATH_SEARCH_PATHS = (
					"$(inherited)",
					"@executable_path/Frameworks",
				);
				MARKETING_VERSION = 1.0;
				PRODUCT_BUNDLE_IDENTIFIER = com.acalanescodingclub.clashroyalesoundboard;
				PRODUCT_NAME = "$(TARGET_NAME)";
				SWIFT_EMIT_LOC_STRINGS = YES;
				SWIFT_VERSION = 5.0;
				TARGETED_DEVICE_FAMILY = "1,2";
			};
			name = Release;
		};
/* End XCBuildConfiguration section */

/* Begin XCConfigurationList section */
		3C30160B28C19FBD0061A670 /* Build configuration list for PBXProject "ClubDay2022" */ = {
			isa = XCConfigurationList;
			buildConfigurations = (
				3C30161C28C19FBF0061A670 /* Debug */,
				3C30161D28C19FBF0061A670 /* Release */,
			);
			defaultConfigurationIsVisible = 0;
			defaultConfigurationName = Release;
		};
		3C30161E28C19FBF0061A670 /* Build configuration list for PBXNativeTarget "ClubDay2022" */ = {
			isa = XCConfigurationList;
			buildConfigurations = (
				3C30161F28C19FBF0061A670 /* Debug */,
				3C30162028C19FBF0061A670 /* Release */,
			);
			defaultConfigurationIsVisible = 0;
			defaultConfigurationName = Release;
		};
/* End XCConfigurationList section */

/* Begin XCRemoteSwiftPackageReference section */
		3C30163A28C1B7730061A670 /* XCRemoteSwiftPackageReference "Popovers" */ = {
			isa = XCRemoteSwiftPackageReference;
			repositoryURL = "https://github.com/aheze/Popovers";
			requirement = {
				branch = main;
				kind = branch;
			};
		};
/* End XCRemoteSwiftPackageReference section */

/* Begin XCSwiftPackageProductDependency section */
		3C30163B28C1B7730061A670 /* Popovers */ = {
			isa = XCSwiftPackageProductDependency;
			package = 3C30163A28C1B7730061A670 /* XCRemoteSwiftPackageReference "Popovers" */;
			productName = Popovers;
		};
/* End XCSwiftPackageProductDependency section */
	};
	rootObject = 3C30160828C19FBD0061A670 /* Project object */;
}
