// !$*UTF8*$!
{
	archiveVersion = 1;
	classes = {
	};
	objectVersion = 56;
	objects = {

/* Begin PBXBuildFile section */
		3C0C89DC28C1B9A900FEE351 /* Galpon-Black.otf in Resources */ = {isa = PBXBuildFile; fileRef = 3C0C89D928C1B94300FEE351 /* Galpon-Black.otf */; };
		3C30161428C19FBE0061A670 /* ClubDay2022App.swift in Sources */ = {isa = PBXBuildFile; fileRef = 3C30161328C19FBE0061A670 /* ClubDay2022App.swift */; };
		3C30161628C19FBE0061A670 /* ContentView.swift in Sources */ = {isa = PBXBuildFile; fileRef = 3C30161528C19FBE0061A670 /* ContentView.swift */; };
		3C30161828C19FBF0061A670 /* Assets.xcassets in Resources */ = {isa = PBXBuildFile; fileRef = 3C30161728C19FBF0061A670 /* Assets.xcassets */; };
		3C30161B28C19FBF0061A670 /* Preview Assets.xcassets in Resources */ = {isa = PBXBuildFile; fileRef = 3C30161A28C19FBF0061A670 /* Preview Assets.xcassets */; };
		3C30162228C1A0AC0061A670 /* Emote.swift in Sources */ = {isa = PBXBuildFile; fileRef = 3C30162128C1A0AB0061A670 /* Emote.swift */; };
		3C30162428C1A0D10061A670 /* Shared.swift in Sources */ = {isa = PBXBuildFile; fileRef = 3C30162328C1A0D10061A670 /* Shared.swift */; };
		3C30162728C1A17F0061A670 /* clash Royale sad emote.mp3 in Resources */ = {isa = PBXBuildFile; fileRef = 3C30162628C1A17F0061A670 /* clash Royale sad emote.mp3 */; };
		3C30162928C1A1840061A670 /* Heheheha sound affect.mp3 in Resources */ = {isa = PBXBuildFile; fileRef = 3C30162828C1A1840061A670 /* Heheheha sound affect.mp3 */; };
		3C30162B28C1A1AA0061A670 /* EmotesView.swift in Sources */ = {isa = PBXBuildFile; fileRef = 3C30162A28C1A1AA0061A670 /* EmotesView.swift */; };
		3C30162D28C1A1EC0061A670 /* Utilities.swift in Sources */ = {isa = PBXBuildFile; fileRef = 3C30162C28C1A1EC0061A670 /* Utilities.swift */; };
		3C30162F28C1A2190061A670 /* ViewModel.swift in Sources */ = {isa = PBXBuildFile; fileRef = 3C30162E28C1A2190061A670 /* ViewModel.swift */; };
		3C30163328C1A3290061A670 /* AudioPlayer.swift in Sources */ = {isa = PBXBuildFile; fileRef = 3C30163228C1A3290061A670 /* AudioPlayer.swift */; };
		3C30163528C1A57B0061A670 /* SoundboardView.swift in Sources */ = {isa = PBXBuildFile; fileRef = 3C30163428C1A57B0061A670 /* SoundboardView.swift */; };
		3C30163728C1A5A20061A670 /* Column.swift in Sources */ = {isa = PBXBuildFile; fileRef = 3C30163628C1A5A20061A670 /* Column.swift */; };
		3C30163928C1A5AF0061A670 /* Slot.swift in Sources */ = {isa = PBXBuildFile; fileRef = 3C30163828C1A5AF0061A670 /* Slot.swift */; };
		3C30163C28C1B7730061A670 /* Popovers in Frameworks */ = {isa = PBXBuildFile; productRef = 3C30163B28C1B7730061A670 /* Popovers */; };
/* End PBXBuildFile section */

/* Begin PBXFileReference section */
		3C0C89D928C1B94300FEE351 /* Galpon-Black.otf */ = {isa = PBXFileReference; lastKnownFileType = file; path = "Galpon-Black.otf"; sourceTree = "<group>"; };
		3C0C89DB28C1B96100FEE351 /* Info.plist */ = {isa = PBXFileReference; lastKnownFileType = text.plist; path = Info.plist; sourceTree = "<group>"; };
		3C30161028C19FBE0061A670 /* ClubDay2022.app */ = {isa = PBXFileReference; explicitFileType = wrapper.application; includeInIndex = 0; path = ClubDay2022.app; sourceTree = BUILT_PRODUCTS_DIR; };
		3C30161328C19FBE0061A670 /* ClubDay2022App.swift */ = {isa = PBXFileReference; lastKnownFileType = sourcecode.swift; path = ClubDay2022App.swift; sourceTree = "<group>"; };
		3C30161528C19FBE0061A670 /* ContentView.swift */ = {isa = PBXFileReference; lastKnownFileType = sourcecode.swift; path = ContentView.swift; sourceTree = "<group>"; };
		3C30161728C19FBF0061A670 /* Assets.xcassets */ = {isa = PBXFileReference; lastKnownFileType = folder.assetcatalog; path = Assets.xcassets; sourceTree = "<group>"; };
		3C30161A28C19FBF0061A670 /* Preview Assets.xcassets */ = {isa = PBXFileReference; lastKnownFileType = folder.assetcatalog; path = "Preview Assets.xcassets"; sourceTree = "<group>"; };
		3C30162128C1A0AB0061A670 /* Emote.swift */ = {isa = PBXFileReference; lastKnownFileType = sourcecode.swift; path = Emote.swift; sourceTree = "<group>"; };
		3C30162328C1A0D10061A670 /* Shared.swift */ = {isa = PBXFileReference; lastKnownFileType = sourcecode.swift; path = Shared.swift; sourceTree = "<group>"; };
		3C30162628C1A17F0061A670 /* clash Royale sad emote.mp3 */ = {isa = PBXFileReference; lastKnownFileType = audio.mp3; path = "clash Royale sad emote.mp3"; sourceTree = "<group>"; };
		3C30162828C1A1840061A670 /* Heheheha sound affect.mp3 */ = {isa = PBXFileReference; lastKnownFileType = audio.mp3; path = "Heheheha sound affect.mp3"; sourceTree = "<group>"; };
		3C30162A28C1A1AA0061A670 /* EmotesView.swift */ = {isa = PBXFileReference; lastKnownFileType = sourcecode.swift; path = EmotesView.swift; sourceTree = "<group>"; };
		3C30162C28C1A1EC0061A670 /* Utilities.swift */ = {isa = PBXFileReference; lastKnownFileType = sourcecode.swift; path = Utilities.swift; sourceTree = "<group>"; };
		3C30162E28C1A2190061A670 /* ViewModel.swift */ = {isa = PBXFileReference; lastKnownFileType = sourcecode.swift; path = ViewModel.swift; sourceTree = "<group>"; };
		3C30163228C1A3290061A670 /* AudioPlayer.swift */ = {isa = PBXFileReference; lastKnownFileType = sourcecode.swift; path = AudioPlayer.swift; sourceTree = "<group>"; };
		3C30163428C1A57B0061A670 /* SoundboardView.swift */ = {isa = PBXFileReference; lastKnownFileType = sourcecode.swift; path = SoundboardView.swift; sourceTree = "<group>"; };
		3C30163628C1A5A20061A670 /* Column.swift */ = {isa = PBXFileReference; lastKnownFileType = sourcecode.swift; path = Column.swift; sourceTree = "<group>"; };
		3C30163828C1A5AF0061A670 /* Slot.swift */ = {isa = PBXFileReference; lastKnownFileType = sourcecode.swift; path = Slot.swift; sourceTree = "<group>"; };
		3C30163D28C1B7830061A670 /* Popovers */ = {isa = PBXFileReference; lastKnownFileType = wrapper; name = Popovers; path = ../../../../Code/Popovers; sourceTree = "<group>"; };
/* End PBXFileReference section */

/* Begin PBXFrameworksBuildPhase section */
		3C30160D28C19FBE0061A670 /* Frameworks */ = {
			isa = PBXFrameworksBuildPhase;
			buildActionMask = 2147483647;
			files = (
				3C30163C28C1B7730061A670 /* Popovers in Frameworks */,
			);
			runOnlyForDeploymentPostprocessing = 0;
		};
/* End PBXFrameworksBuildPhase section */

/* Begin PBXGroup section */
		3C0C89DA28C1B94700FEE351 /* Resources */ = {
			isa = PBXGroup;
			children = (
				3C30162C28C1A1EC0061A670 /* Utilities.swift */,
				3C0C89D928C1B94300FEE351 /* Galpon-Black.otf */,
			);
			path = Resources;
			sourceTree = "<group>";
		};
		3C30160728C19FBD0061A670 = {
			isa = PBXGroup;
			children = (
				3C30163D28C1B7830061A670 /* Popovers */,
				3C30161228C19FBE0061A670 /* ClubDay2022 */,
				3C30161128C19FBE0061A670 /* Products */,
			);
			sourceTree = "<group>";
		};
		3C30161128C19FBE0061A670 /* Products */ = {
			isa = PBXGroup;
			children = (
				3C30161028C19FBE0061A670 /* ClubDay2022.app */,
			);
			name = Products;
			sourceTree = "<group>";
		};
		3C30161228C19FBE0061A670 /* ClubDay2022 */ = {
			isa = PBXGroup;
			children = (
				3C0C89DB28C1B96100FEE351 /* Info.plist */,
				3C30161328C19FBE0061A670 /* ClubDay2022App.swift */,
				3C30162328C1A0D10061A670 /* Shared.swift */,
				3C30163128C1A3150061A670 /* Models */,
				3C30163028C1A3100061A670 /* Views */,
				3C0C89DA28C1B94700FEE351 /* Resources */,
				3C30162528C1A1720061A670 /* Audio */,
				3C30161728C19FBF0061A670 /* Assets.xcassets */,
				3C30161928C19FBF0061A670 /* Preview Content */,
			);
			path = ClubDay2022;
			sourceTree = "<group>";
		};
		3C30161928C19FBF0061A670 /* Preview Content */ = {
			isa = PBXGroup;
			children = (
				3C30161A28C19FBF0061A670 /* Preview Assets.xcassets */,
			);
			path = "Preview Content";
			sourceTree = "<group>";
		};
		3C30162528C1A1720061A670 /* Audio */ = {
			isa = PBXGroup;
			children = (
				3C30162828C1A1840061A670 /* Heheheha sound affect.mp3 */,
				3C30162628C1A17F0061A670 /* clash Royale sad emote.mp3 */,
			);
			path = Audio;
			sourceTree = "<group>";
		};
		3C30163028C1A3100061A670 /* Views */ = {
			isa = PBXGroup;
			children = (
				3C30161528C19FBE0061A670 /* ContentView.swift */,
				3C30163428C1A57B0061A670 /* SoundboardView.swift */,
				3C30162A28C1A1AA0061A670 /* EmotesView.swift */,
			);
			path = Views;
			sourceTree = "<group>";
		};
		3C30163128C1A3150061A670 /* Models */ = {
			isa = PBXGroup;
			children = (
				3C30162E28C1A2190061A670 /* ViewModel.swift */,
				3C30163228C1A3290061A670 /* AudioPlayer.swift */,
				3C30162128C1A0AB0061A670 /* Emote.swift */,
				3C30163628C1A5A20061A670 /* Column.swift */,
				3C30163828C1A5AF0061A670 /* Slot.swift */,
			);
			path = Models;
			sourceTree = "<group>";
		};
/* End PBXGroup section */

/* Begin PBXNativeTarget section */
		3C30160F28C19FBE0061A670 /* ClubDay2022 */ = {
			isa = PBXNativeTarget;
			buildConfigurationList = 3C30161E28C19FBF0061A670 /* Build configuration list for PBXNativeTarget "ClubDay2022" */;
			buildPhases = (
				3C30160C28C19FBE0061A670 /* Sources */,
				3C30160D28C19FBE0061A670 /* Frameworks */,
				3C30160E28C19FBE0061A670 /* Resources */,
			);
			buildRules = (
			);
			dependencies = (
			);
			name = ClubDay2022;
			packageProductDependencies = (
				3C30163B28C1B7730061A670 /* Popovers */,
			);
			productName = ClubDay2022;
			productReference = 3C30161028C19FBE0061A670 /* ClubDay2022.app */;
			productType = "com.apple.product-type.application";
		};
/* End PBXNativeTarget section */

/* Begin PBXProject section */
		3C30160828C19FBD0061A670 /* Project object */ = {
			isa = PBXProject;
			attributes = {
				BuildIndependentTargetsInParallel = 1;
				LastSwiftUpdateCheck = 1400;
				LastUpgradeCheck = 1400;
				TargetAttributes = {
					3C30160F28C19FBE0061A670 = {
						CreatedOnToolsVersion = 14.0;
					};
				};
			};
			buildConfigurationList = 3C30160B28C19FBD0061A670 /* Build configuration list for PBXProject "ClubDay2022" */;
			compatibilityVersion = "Xcode 14.0";
			developmentRegion = en;
			hasScannedForEncodings = 0;
			knownRegions = (
				en,
				Base,
			);
			mainGroup = 3C30160728C19FBD0061A670;
			packageReferences = (
				3C30163A28C1B7730061A670 /* XCRemoteSwiftPackageReference "Popovers" */,
			);
			productRefGroup = 3C30161128C19FBE0061A670 /* Products */;
			projectDirPath = "";
			projectRoot = "";
			targets = (
				3C30160F28C19FBE0061A670 /* ClubDay2022 */,
			);
		};
/* End PBXProject section */

/* Begin PBXResourcesBuildPhase section */
		3C30160E28C19FBE0061A670 /* Resources */ = {
			isa = PBXResourcesBuildPhase;
			buildActionMask = 2147483647;
			files = (
				3C0C89DC28C1B9A900FEE351 /* Galpon-Black.otf in Resources */,
				3C30161B28C19FBF0061A670 /* Preview Assets.xcassets in Resources */,
				3C30162928C1A1840061A670 /* Heheheha sound affect.mp3 in Resources */,
				3C30162728C1A17F0061A670 /* clash Royale sad emote.mp3 in Resources */,
				3C30161828C19FBF0061A670 /* Assets.xcassets in Resources */,
			);
			runOnlyForDeploymentPostprocessing = 0;
		};
/* End PBXResourcesBuildPhase section */

/* Begin PBXSourcesBuildPhase section */
		3C30160C28C19FBE0061A670 /* Sources */ = {
			isa = PBXSourcesBuildPhase;
			buildActionMask = 2147483647;
			files = (
				3C30163528C1A57B0061A670 /* SoundboardView.swift in Sources */,
				3C30163728C1A5A20061A670 /* Column.swift in Sources */,
				3C30162D28C1A1EC0061A670 /* Utilities.swift in Sources */,
				3C30163328C1A3290061A670 /* AudioPlayer.swift in Sources */,
				3C30161628C19FBE0061A670 /* ContentView.swift in Sources */,
				3C30162428C1A0D10061A670 /* Shared.swift in Sources */,
				3C30161428C19FBE0061A670 /* ClubDay2022App.swift in Sources */,
				3C30162B28C1A1AA0061A670 /* EmotesView.swift in Sources */,
				3C30162228C1A0AC0061A670 /* Emote.swift in Sources */,
				3C30162F28C1A2190061A670 /* ViewModel.swift in Sources */,
				3C30163928C1A5AF0061A670 /* Slot.swift in Sources */,
			);
			runOnlyForDeploymentPostprocessing = 0;
		};
/* End PBXSourcesBuildPhase section */

/* Begin XCBuildConfiguration section */
		3C30161C28C19FBF0061A670 /* Debug */ = {
			isa = XCBuildConfiguration;
			buildSettings = {
				ALWAYS_SEARCH_USER_PATHS = NO;
				CLANG_ANALYZER_NONNULL = YES;
				CLANG_ANALYZER_NUMBER_OBJECT_CONVERSION = YES_AGGRESSIVE;
				CLANG_CXX_LANGUAGE_STANDARD = "gnu++20";
				CLANG_ENABLE_MODULES = YES;
				CLANG_ENABLE_OBJC_ARC = YES;
				CLANG_ENABLE_OBJC_WEAK = YES;
				CLANG_WARN_BLOCK_CAPTURE_AUTORELEASING = YES;
				CLANG_WARN_BOOL_CONVERSION = YES;
				CLANG_WARN_COMMA = YES;
				CLANG_WARN_CONSTANT_CONVERSION = YES;
				CLANG_WARN_DEPRECATED_OBJC_IMPLEMENTATIONS = YES;
				CLANG_WARN_DIRECT_OBJC_ISA_USAGE = YES_ERROR;
				CLANG_WARN_DOCUMENTATION_COMMENTS = YES;
				CLANG_WARN_EMPTY_BODY = YES;
				CLANG_WARN_ENUM_CONVERSION = YES;
				CLANG_WARN_INFINITE_RECURSION = YES;
				CLANG_WARN_INT_CONVERSION = YES;
				CLANG_WARN_NON_LITERAL_NULL_CONVERSION = YES;
				CLANG_WARN_OBJC_IMPLICIT_RETAIN_SELF = YES;
				CLANG_WARN_OBJC_LITERAL_CONVERSION = YES;
				CLANG_WARN_OBJC_ROOT_CLASS = YES_ERROR;
				CLANG_WARN_QUOTED_INCLUDE_IN_FRAMEWORK_HEADER = YES;
				CLANG_WARN_RANGE_LOOP_ANALYSIS = YES;
				CLANG_WARN_STRICT_PROTOTYPES = YES;
				CLANG_WARN_SUSPICIOUS_MOVE = YES;
				CLANG_WARN_UNGUARDED_AVAILABILITY = YES_AGGRESSIVE;
				CLANG_WARN_UNREACHABLE_CODE = YES;
				CLANG_WARN__DUPLICATE_METHOD_MATCH = YES;
				COPY_PHASE_STRIP = NO;
				DEBUG_INFORMATION_FORMAT = dwarf;
				ENABLE_STRICT_OBJC_MSGSEND = YES;
				ENABLE_TESTABILITY = YES;
				GCC_C_LANGUAGE_STANDARD = gnu11;
				GCC_DYNAMIC_NO_PIC = NO;
				GCC_NO_COMMON_BLOCKS = YES;
				GCC_OPTIMIZATION_LEVEL = 0;
				GCC_PREPROCESSOR_DEFINITIONS = (
					"DEBUG=1",
					"$(inherited)",
				);
				GCC_WARN_64_TO_32_BIT_CONVERSION = YES;
				GCC_WARN_ABOUT_RETURN_TYPE = YES_ERROR;
				GCC_WARN_UNDECLARED_SELECTOR = YES;
				GCC_WARN_UNINITIALIZED_AUTOS = YES_AGGRESSIVE;
				GCC_WARN_UNUSED_FUNCTION = YES;
				GCC_WARN_UNUSED_VARIABLE = YES;
				IPHONEOS_DEPLOYMENT_TARGET = 16.0;
				MTL_ENABLE_DEBUG_INFO = INCLUDE_SOURCE;
				MTL_FAST_MATH = YES;
				ONLY_ACTIVE_ARCH = YES;
				SDKROOT = iphoneos;
				SWIFT_ACTIVE_COMPILATION_CONDITIONS = DEBUG;
				SWIFT_OPTIMIZATION_LEVEL = "-Onone";
			};
			name = Debug;
		};
		3C30161D28C19FBF0061A670 /* Release */ = {
			isa = XCBuildConfiguration;
			buildSettings = {
				ALWAYS_SEARCH_USER_PATHS = NO;
				CLANG_ANALYZER_NONNULL = YES;
				CLANG_ANALYZER_NUMBER_OBJECT_CONVERSION = YES_AGGRESSIVE;
				CLANG_CXX_LANGUAGE_STANDARD = "gnu++20";
				CLANG_ENABLE_MODULES = YES;
				CLANG_ENABLE_OBJC_ARC = YES;
				CLANG_ENABLE_OBJC_WEAK = YES;
				CLANG_WARN_BLOCK_CAPTURE_AUTORELEASING = YES;
				CLANG_WARN_BOOL_CONVERSION = YES;
				CLANG_WARN_COMMA = YES;
				CLANG_WARN_CONSTANT_CONVERSION = YES;
				CLANG_WARN_DEPRECATED_OBJC_IMPLEMENTATIONS = YES;
				CLANG_WARN_DIRECT_OBJC_ISA_USAGE = YES_ERROR;
				CLANG_WARN_DOCUMENTATION_COMMENTS = YES;
				CLANG_WARN_EMPTY_BODY = YES;
				CLANG_WARN_ENUM_CONVERSION = YES;
				CLANG_WARN_INFINITE_RECURSION = YES;
				CLANG_WARN_INT_CONVERSION = YES;
				CLANG_WARN_NON_LITERAL_NULL_CONVERSION = YES;
				CLANG_WARN_OBJC_IMPLICIT_RETAIN_SELF = YES;
				CLANG_WARN_OBJC_LITERAL_CONVERSION = YES;
				CLANG_WARN_OBJC_ROOT_CLASS = YES_ERROR;
				CLANG_WARN_QUOTED_INCLUDE_IN_FRAMEWORK_HEADER = YES;
				CLANG_WARN_RANGE_LOOP_ANALYSIS = YES;
				CLANG_WARN_STRICT_PROTOTYPES = YES;
				CLANG_WARN_SUSPICIOUS_MOVE = YES;
				CLANG_WARN_UNGUARDED_AVAILABILITY = YES_AGGRESSIVE;
				CLANG_WARN_UNREACHABLE_CODE = YES;
				CLANG_WARN__DUPLICATE_METHOD_MATCH = YES;
				COPY_PHASE_STRIP = NO;
				DEBUG_INFORMATION_FORMAT = "dwarf-with-dsym";
				ENABLE_NS_ASSERTIONS = NO;
				ENABLE_STRICT_OBJC_MSGSEND = YES;
				GCC_C_LANGUAGE_STANDARD = gnu11;
				GCC_NO_COMMON_BLOCKS = YES;
				GCC_WARN_64_TO_32_BIT_CONVERSION = YES;
				GCC_WARN_ABOUT_RETURN_TYPE = YES_ERROR;
				GCC_WARN_UNDECLARED_SELECTOR = YES;
				GCC_WARN_UNINITIALIZED_AUTOS = YES_AGGRESSIVE;
				GCC_WARN_UNUSED_FUNCTION = YES;
				GCC_WARN_UNUSED_VARIABLE = YES;
				IPHONEOS_DEPLOYMENT_TARGET = 16.0;
				MTL_ENABLE_DEBUG_INFO = NO;
				MTL_FAST_MATH = YES;
				SDKROOT = iphoneos;
				SWIFT_COMPILATION_MODE = wholemodule;
				SWIFT_OPTIMIZATION_LEVEL = "-O";
				VALIDATE_PRODUCT = YES;
			};
			name = Release;
		};
		3C30161F28C19FBF0061A670 /* Debug */ = {
			isa = XCBuildConfiguration;
			buildSettings = {
				ASSETCATALOG_COMPILER_APPICON_NAME = AppIcon;
				ASSETCATALOG_COMPILER_GLOBAL_ACCENT_COLOR_NAME = AccentColor;
				CODE_SIGN_STYLE = Automatic;
				CURRENT_PROJECT_VERSION = 1;
				DEVELOPMENT_ASSET_PATHS = "\"ClubDay2022/Preview Content\"";
				DEVELOPMENT_TEAM = YA533DMD5J;
				ENABLE_PREVIEWS = YES;
				GENERATE_INFOPLIST_FILE = YES;
				INFOPLIST_FILE = ClubDay2022/Info.plist;
				INFOPLIST_KEY_UIApplicationSceneManifest_Generation = YES;
				INFOPLIST_KEY_UIApplicationSupportsIndirectInputEvents = YES;
				INFOPLIST_KEY_UILaunchScreen_Generation = YES;
				INFOPLIST_KEY_UISupportedInterfaceOrientations_iPad = "UIInterfaceOrientationPortrait UIInterfaceOrientationPortraitUpsideDown UIInterfaceOrientationLandscapeLeft UIInterfaceOrientationLandscapeRight";
				INFOPLIST_KEY_UISupportedInterfaceOrientations_iPhone = "UIInterfaceOrientationPortrait UIInterfaceOrientationLandscapeLeft UIInterfaceOrientationLandscapeRight";
				LD_RUNPATH_SEARCH_PATHS = (
					"$(inherited)",
					"@executable_path/Frameworks",
				);
				MARKETING_VERSION = 1.0;
				PRODUCT_BUNDLE_IDENTIFIER = com.aheze.ClubDay2022;
				PRODUCT_NAME = "$(TARGET_NAME)";
				SWIFT_EMIT_LOC_STRINGS = YES;
				SWIFT_VERSION = 5.0;
				TARGETED_DEVICE_FAMILY = "1,2";
			};
			name = Debug;
		};
		3C30162028C19FBF0061A670 /* Release */ = {
			isa = XCBuildConfiguration;
			buildSettings = {
				ASSETCATALOG_COMPILER_APPICON_NAME = AppIcon;
				ASSETCATALOG_COMPILER_GLOBAL_ACCENT_COLOR_NAME = AccentColor;
				CODE_SIGN_STYLE = Automatic;
				CURRENT_PROJECT_VERSION = 1;
				DEVELOPMENT_ASSET_PATHS = "\"ClubDay2022/Preview Content\"";
				DEVELOPMENT_TEAM = YA533DMD5J;
				ENABLE_PREVIEWS = YES;
				GENERATE_INFOPLIST_FILE = YES;
				INFOPLIST_FILE = ClubDay2022/Info.plist;
				INFOPLIST_KEY_UIApplicationSceneManifest_Generation = YES;
				INFOPLIST_KEY_UIApplicationSupportsIndirectInputEvents = YES;
				INFOPLIST_KEY_UILaunchScreen_Generation = YES;
				INFOPLIST_KEY_UISupportedInterfaceOrientations_iPad = "UIInterfaceOrientationPortrait UIInterfaceOrientationPortraitUpsideDown UIInterfaceOrientationLandscapeLeft UIInterfaceOrientationLandscapeRight";
				INFOPLIST_KEY_UISupportedInterfaceOrientations_iPhone = "UIInterfaceOrientationPortrait UIInterfaceOrientationLandscapeLeft UIInterfaceOrientationLandscapeRight";
				LD_RUNPATH_SEARCH_PATHS = (
					"$(inherited)",
					"@executable_path/Frameworks",
				);
				MARKETING_VERSION = 1.0;
				PRODUCT_BUNDLE_IDENTIFIER = com.aheze.ClubDay2022;
				PRODUCT_NAME = "$(TARGET_NAME)";
				SWIFT_EMIT_LOC_STRINGS = YES;
				SWIFT_VERSION = 5.0;
				TARGETED_DEVICE_FAMILY = "1,2";
			};
			name = Release;
		};
/* End XCBuildConfiguration section */

/* Begin XCConfigurationList section */
		3C30160B28C19FBD0061A670 /* Build configuration list for PBXProject "ClubDay2022" */ = {
			isa = XCConfigurationList;
			buildConfigurations = (
				3C30161C28C19FBF0061A670 /* Debug */,
				3C30161D28C19FBF0061A670 /* Release */,
			);
			defaultConfigurationIsVisible = 0;
			defaultConfigurationName = Release;
		};
		3C30161E28C19FBF0061A670 /* Build configuration list for PBXNativeTarget "ClubDay2022" */ = {
			isa = XCConfigurationList;
			buildConfigurations = (
				3C30161F28C19FBF0061A670 /* Debug */,
				3C30162028C19FBF0061A670 /* Release */,
			);
			defaultConfigurationIsVisible = 0;
			defaultConfigurationName = Release;
		};
/* End XCConfigurationList section */

/* Begin XCRemoteSwiftPackageReference section */
		3C30163A28C1B7730061A670 /* XCRemoteSwiftPackageReference "Popovers" */ = {
			isa = XCRemoteSwiftPackageReference;
			repositoryURL = "https://github.com/aheze/Popovers";
			requirement = {
				branch = main;
				kind = branch;
			};
		};
/* End XCRemoteSwiftPackageReference section */

/* Begin XCSwiftPackageProductDependency section */
		3C30163B28C1B7730061A670 /* Popovers */ = {
			isa = XCSwiftPackageProductDependency;
			package = 3C30163A28C1B7730061A670 /* XCRemoteSwiftPackageReference "Popovers" */;
			productName = Popovers;
		};
/* End XCSwiftPackageProductDependency section */
	};
	rootObject = 3C30160828C19FBD0061A670 /* Project object */;
}
